// !$*UTF8*$!
{
	archiveVersion = 1;
	classes = {
	};
	objectVersion = 46;
	objects = {
		96F735EAC9A56C2CE67914F2 = {
			isa = PBXBuildFile;
			fileRef = C9DAD26DB3FE207ECBD6E28B;
		};
		17CD8899F478FC307F2448DF = {
			isa = PBXBuildFile;
			fileRef = 8E9208B1B03567CC6522913D;
		};
		D9E33523FEEF0DBFA8D3EA48 = {
			isa = PBXBuildFile;
			fileRef = 1035A923AF9996191086C874;
		};
		C0641F68548F5850284C3585 = {
			isa = PBXBuildFile;
			fileRef = A76AC6A5C2DDA8174C5279B5;
		};
		BC6ED9FF6B004A448447D262 = {
			isa = PBXBuildFile;
			fileRef = BC8776073EDCA9500DFB89D1;
		};
		2CD35960A0E03F6399A32354 = {
			isa = PBXBuildFile;
			fileRef = 805B71BE9CA874F71F129DA3;
		};
		B23C8F13D6F5769A7582E4B3 = {
			isa = PBXBuildFile;
			fileRef = 451642FF9FB35BD15BF71469;
		};
		CAD33BB85DC8FB2861F729FE = {
			isa = PBXBuildFile;
			fileRef = DEA0B290D4D8329087C70F50;
		};
		9C7FE8FB82DF76EEC3297338 = {
			isa = PBXBuildFile;
			fileRef = BA95E3A63B165961D95E8E10;
		};
		21C45CDF7E62BFD819A34E2C = {
			isa = PBXBuildFile;
			fileRef = E26303B98953F28B3E4A73B3;
		};
		D102E40F44077CF3E5160201 = {
			isa = PBXBuildFile;
			fileRef = 484E5B33F9084B04CD624702;
		};
		C7D64D1BD0B4C59C9528693B = {
			isa = PBXBuildFile;
			fileRef = BCF5B4026D4E347C133E715E;
		};
		FA71EA03532FD243DC7B62E5 = {
			isa = PBXBuildFile;
			fileRef = F4D821237BA37DE9517042CC;
		};
		8308163D422D7BC574B025BE = {
			isa = PBXBuildFile;
			fileRef = DEAEF9A67BB7AB8EEC2F13D9;
		};
		D871FABF3EF225B08664C98D = {
			isa = PBXBuildFile;
			fileRef = A17D0F8A74AC938E1234EFEB;
		};
		CE6C1722E2EB75AD8B83A07A = {
			isa = PBXBuildFile;
			fileRef = C63EAA998718A8E0D0F4AF45;
		};
		85F4E498BA711F1D2AB7284A = {
			isa = PBXBuildFile;
			fileRef = 249152E94FCA207545EE1943;
		};
		C34B8EAE57BF278C05E3130D = {
			isa = PBXBuildFile;
			fileRef = 2F37D0E57440B8049B18ED5D;
		};
		09A9969329860ED38E700DF0 = {
			isa = PBXBuildFile;
			fileRef = AA33596A4186049A002FE444;
		};
		01AF99B9077B2270D939BA3C = {
			isa = PBXBuildFile;
			fileRef = 0C6C57CE95581FC968A3B4EE;
		};
		AE2CA2A46B29F3376DD7DD90 = {
			isa = PBXBuildFile;
			fileRef = BD6D851FD73BC5DF4F8AD9ED;
		};
		2702C3D1E52D600FA8FC7240 = {
			isa = PBXBuildFile;
			fileRef = 2820021C5AC3862EA8DA7138;
		};
		81F5668815A94941E137432C = {
			isa = PBXBuildFile;
			fileRef = BBC5371E143664A6CF444EA5;
		};
		404F5E197058712FDE9132D6 = {
			isa = PBXBuildFile;
			fileRef = 7A40EC0EE32B2C313402EF05;
		};
		1193BDC30EAF698A6B0F2CE0 = {
			isa = PBXBuildFile;
			fileRef = 998D190B58795DFC4BE57965;
		};
		C94C9503E6DF9FB5B5EB8CA4 = {
			isa = PBXBuildFile;
			fileRef = 0EAA25222452C85DF8042576;
		};
		A5F830B165F061E1B566EEBB = {
			isa = PBXBuildFile;
			fileRef = 9381BB5913C68A6703A70E6C;
		};
		2B9A79AB08D6EAAC10AD033F = {
			isa = PBXBuildFile;
			fileRef = 7D642FB297B7A3A25DF5F492;
		};
		2E765F47FB64E051C4B2817B = {
			isa = PBXBuildFile;
			fileRef = 4A909B407345B6B77A19168E;
		};
		FE93F7568516D519AB4E655B = {
			isa = PBXBuildFile;
			fileRef = 6FF640F5EAEBF7ADE21A7B46;
		};
		34C3D55C82FC1859A6FA616C = {
			isa = PBXBuildFile;
			fileRef = FEE2C277B9EEF8B047F7504B;
		};
		8EDA20576F64726B0CD0CAEA = {
			isa = PBXBuildFile;
			fileRef = 2E32ACFB973DC3384DE8CAB6;
		};
		386B4E88A797C4EEF2AB0069 = {
			isa = PBXBuildFile;
			fileRef = 855B6BDC9A7BDD7024905E52;
		};
		26A97EC82999A8993968F43B = {
			isa = PBXBuildFile;
			fileRef = D3516F8A2B6DCD364480691F;
		};
		36209F2AACE04207289D29B7 = {
			isa = PBXBuildFile;
			fileRef = 22D76777BF8B1ABDC472F39A;
		};
		539D56D1FC754A1F1F1AEBEA = {
			isa = PBXBuildFile;
			fileRef = C47B96EA11A779A4BEC38F42;
		};
		F9FDADB86CCDF3F27FAD9C0E = {
			isa = PBXBuildFile;
			fileRef = BE56775E83EE9C7D9AACF735;
		};
		1A2572B6BFE7F70377DDDC2D = {
			isa = PBXBuildFile;
			fileRef = D245F85E194276C9A9CDB67A;
		};
		C95BD5F0DD151E370F783A8A = {
			isa = PBXBuildFile;
			fileRef = 2FD09DA2C29393FA7DC53B5C;
		};
		7F24850D668804516FC2D923 = {
			isa = PBXBuildFile;
			fileRef = D71616C49973A7FED2BDA3FA;
		};
		19BD55E138774F6581024640 = {
			isa = PBXBuildFile;
			fileRef = B5826C2FD430D6A6582918D0;
		};
		978E0C08F67814BBC4155E1F = {
			isa = PBXBuildFile;
			fileRef = 9C5232BC9005F672CFF07798;
		};
		96ACE5BBB2CE2D32D302C765 = {
			isa = PBXBuildFile;
			fileRef = 5DA7CD7A108E4437EC8D1D0F;
		};
		2A1D98E0C1693C35660A6F7B = {
			isa = PBXBuildFile;
			fileRef = 8C4F03859E04EFDFF8286CE9;
		};
		96776FA44E3751FA6C8B3419 = {
			isa = PBXBuildFile;
			fileRef = BB4F87331E2803923BB1EB08;
		};
		61D3DE5756C22B1FD51F82BD = {
			isa = PBXBuildFile;
			fileRef = 00D01401391EA82978957EB4;
		};
		00D01401391EA82978957EB4 = {
			isa = PBXFileReference;
			lastKnownFileType = sourcecode.cpp.objcpp;
			name = "include_juce_gui_extra.mm";
			path = "../../JuceLibraryCode/include_juce_gui_extra.mm";
			sourceTree = "SOURCE_ROOT";
		};
		0824534AA7346F584DC17698 = {
			isa = PBXFileReference;
			lastKnownFileType = sourcecode.c.h;
			name = RbSection.h;
			path = ../../Source/RbSection.h;
			sourceTree = "SOURCE_ROOT";
		};
		0C6C57CE95581FC968A3B4EE = {
			isa = PBXFileReference;
			lastKnownFileType = sourcecode.cpp.cpp;
			name = ChordSection.cpp;
			path = ../../Source/ChordSection.cpp;
			sourceTree = "SOURCE_ROOT";
		};
		0EAA25222452C85DF8042576 = {
			isa = PBXFileReference;
			lastKnownFileType = sourcecode.cpp.cpp;
			name = MixSection.cpp;
			path = ../../Source/MixSection.cpp;
			sourceTree = "SOURCE_ROOT";
		};
		22D76777BF8B1ABDC472F39A = {
			isa = PBXFileReference;
			lastKnownFileType = sourcecode.cpp.cpp;
			name = "include_juce_audio_plugin_client_Standalone.cpp";
			path = "../../JuceLibraryCode/include_juce_audio_plugin_client_Standalone.cpp";
			sourceTree = "SOURCE_ROOT";
		};
		256B45E5F20161B8C7CD43F2 = {
			isa = PBXFileReference;
			lastKnownFileType = sourcecode.c.h;
			name = PluginEditor.h;
			path = ../../Source/PluginEditor.h;
			sourceTree = "SOURCE_ROOT";
		};
		2E32ACFB973DC3384DE8CAB6 = {
			isa = PBXFileReference;
			lastKnownFileType = file.r;
			name = "include_juce_audio_plugin_client_AU.r";
			path = "../../JuceLibraryCode/include_juce_audio_plugin_client_AU.r";
			sourceTree = "SOURCE_ROOT";
		};
		2FD09DA2C29393FA7DC53B5C = {
			isa = PBXFileReference;
			lastKnownFileType = sourcecode.cpp.objcpp;
			name = "include_juce_audio_processors.mm";
			path = "../../JuceLibraryCode/include_juce_audio_processors.mm";
			sourceTree = "SOURCE_ROOT";
		};
		451642FF9FB35BD15BF71469 = {
			isa = PBXFileReference;
			lastKnownFileType = wrapper.framework;
			name = AudioToolbox.framework;
			path = System/Library/Frameworks/AudioToolbox.framework;
			sourceTree = SDKROOT;
		};
		484E5B33F9084B04CD624702 = {
			isa = PBXFileReference;
			lastKnownFileType = wrapper.framework;
			name = CoreAudioKit.framework;
			path = System/Library/Frameworks/CoreAudioKit.framework;
			sourceTree = SDKROOT;
		};
		C9DAD26DB3FE207ECBD6E28B = {
			isa = PBXFileReference;
			explicitFileType = wrapper.cfbundle;
			includeInIndex = 0;
			path = ModalExplorerVST.vst3;
			sourceTree = "BUILT_PRODUCTS_DIR";
		};
		8E9208B1B03567CC6522913D = {
			isa = PBXFileReference;
			explicitFileType = wrapper.cfbundle;
			includeInIndex = 0;
			path = ModalExplorerVST.component;
			sourceTree = "BUILT_PRODUCTS_DIR";
		};
		1035A923AF9996191086C874 = {
			isa = PBXFileReference;
			explicitFileType = wrapper.application;
			includeInIndex = 0;
			path = ModalExplorerVST.app;
			sourceTree = "BUILT_PRODUCTS_DIR";
		};
		249152E94FCA207545EE1943 = {
			isa = PBXFileReference;
			lastKnownFileType = wrapper.framework;
			name = WebKit.framework;
			path = System/Library/Frameworks/WebKit.framework;
			sourceTree = SDKROOT;
		};
		2820021C5AC3862EA8DA7138 = {
			isa = PBXFileReference;
			lastKnownFileType = sourcecode.cpp.cpp;
			name = NegHarmSection.cpp;
			path = ../../Source/NegHarmSection.cpp;
			sourceTree = "SOURCE_ROOT";
		};
		2D7A2F33D853014CFA6F8D6A = {
			isa = PBXFileReference;
			lastKnownFileType = sourcecode.c.h;
			name = OutputLevelSection.h;
			path = ../../Source/OutputLevelSection.h;
			sourceTree = "SOURCE_ROOT";
		};
		2F37D0E57440B8049B18ED5D = {
			isa = PBXFileReference;
			lastKnownFileType = file.nib;
			name = RecentFilesMenuTemplate.nib;
			path = RecentFilesMenuTemplate.nib;
			sourceTree = "SOURCE_ROOT";
		};
		33134527A68E45BD49EBC1B5 = {
			isa = PBXFileReference;
			lastKnownFileType = file;
			name = "juce_core";
			path = "/Users/sethgory/JUCE/modules/juce_core";
			sourceTree = "<absolute>";
		};
		4A909B407345B6B77A19168E = {
			isa = PBXFileReference;
			lastKnownFileType = sourcecode.cpp.objcpp;
			name = "include_juce_audio_basics.mm";
			path = "../../JuceLibraryCode/include_juce_audio_basics.mm";
			sourceTree = "SOURCE_ROOT";
		};
		5590EC8EF0D85B0DC0DF4220 = {
			isa = PBXFileReference;
			lastKnownFileType = text.plist.xml;
			name = "Info-VST3.plist";
			path = "Info-VST3.plist";
			sourceTree = "SOURCE_ROOT";
		};
		57233044569649A5B517D460 = {
			isa = PBXFileReference;
			lastKnownFileType = file;
			name = "juce_audio_plugin_client";
			path = "/Users/sethgory/JUCE/modules/juce_audio_plugin_client";
			sourceTree = "<absolute>";
		};
		5D5608AFC1A88A256E7FC20A = {
			isa = PBXFileReference;
			lastKnownFileType = file;
			name = "juce_audio_devices";
			path = "/Users/sethgory/JUCE/modules/juce_audio_devices";
			sourceTree = "<absolute>";
		};
		5DA7CD7A108E4437EC8D1D0F = {
			isa = PBXFileReference;
			lastKnownFileType = sourcecode.cpp.objcpp;
			name = "include_juce_events.mm";
			path = "../../JuceLibraryCode/include_juce_events.mm";
			sourceTree = "SOURCE_ROOT";
		};
		5F3EA75A40DD341CBFA6AB38 = {
			isa = PBXFileReference;
			lastKnownFileType = file;
			name = "juce_data_structures";
			path = "/Users/sethgory/JUCE/modules/juce_data_structures";
			sourceTree = "<absolute>";
		};
		6FF640F5EAEBF7ADE21A7B46 = {
			isa = PBXFileReference;
			lastKnownFileType = sourcecode.cpp.objcpp;
			name = "include_juce_audio_devices.mm";
			path = "../../JuceLibraryCode/include_juce_audio_devices.mm";
			sourceTree = "SOURCE_ROOT";
		};
		73EE91E267AC8A2958F72095 = {
			isa = PBXFileReference;
			lastKnownFileType = text.plist.xml;
			name = "Info-Standalone_Plugin.plist";
			path = "Info-Standalone_Plugin.plist";
			sourceTree = "SOURCE_ROOT";
		};
		765B1FB5290D781845D3D095 = {
			isa = PBXFileReference;
			lastKnownFileType = sourcecode.c.h;
			name = ScaleSection.h;
			path = ../../Source/ScaleSection.h;
			sourceTree = "SOURCE_ROOT";
		};
		7A40EC0EE32B2C313402EF05 = {
			isa = PBXFileReference;
			lastKnownFileType = sourcecode.cpp.cpp;
			name = RbSection.cpp;
			path = ../../Source/RbSection.cpp;
			sourceTree = "SOURCE_ROOT";
		};
		7D642FB297B7A3A25DF5F492 = {
			isa = PBXFileReference;
			lastKnownFileType = sourcecode.cpp.cpp;
			name = PluginEditor.cpp;
			path = ../../Source/PluginEditor.cpp;
			sourceTree = "SOURCE_ROOT";
		};
		7DABAE31404F18F8F53B56CC = {
			isa = PBXFileReference;
			lastKnownFileType = file;
			name = "juce_gui_basics";
			path = "/Users/sethgory/JUCE/modules/juce_gui_basics";
			sourceTree = "<absolute>";
		};
		805B71BE9CA874F71F129DA3 = {
			isa = PBXFileReference;
			lastKnownFileType = wrapper.framework;
			name = Accelerate.framework;
			path = System/Library/Frameworks/Accelerate.framework;
			sourceTree = SDKROOT;
		};
		855B6BDC9A7BDD7024905E52 = {
			isa = PBXFileReference;
			lastKnownFileType = sourcecode.cpp.objcpp;
			name = "include_juce_audio_plugin_client_AU_1.mm";
			path = "../../JuceLibraryCode/include_juce_audio_plugin_client_AU_1.mm";
			sourceTree = "SOURCE_ROOT";
		};
		8C4F03859E04EFDFF8286CE9 = {
			isa = PBXFileReference;
			lastKnownFileType = sourcecode.cpp.objcpp;
			name = "include_juce_graphics.mm";
			path = "../../JuceLibraryCode/include_juce_graphics.mm";
			sourceTree = "SOURCE_ROOT";
		};
		9381BB5913C68A6703A70E6C = {
			isa = PBXFileReference;
			lastKnownFileType = sourcecode.cpp.cpp;
			name = VerticalTitleSection.cpp;
			path = ../../Source/VerticalTitleSection.cpp;
			sourceTree = "SOURCE_ROOT";
		};
		942E60322CE0D8F48A57E09D = {
			isa = PBXFileReference;
			lastKnownFileType = sourcecode.c.h;
			name = NegHarmSection.h;
			path = ../../Source/NegHarmSection.h;
			sourceTree = "SOURCE_ROOT";
		};
		945DD62EE35049FBCD8991A1 = {
			isa = PBXFileReference;
			lastKnownFileType = file;
			name = "juce_graphics";
			path = "/Users/sethgory/JUCE/modules/juce_graphics";
			sourceTree = "<absolute>";
		};
		998D190B58795DFC4BE57965 = {
			isa = PBXFileReference;
			lastKnownFileType = sourcecode.cpp.cpp;
			name = ScaleSection.cpp;
			path = ../../Source/ScaleSection.cpp;
			sourceTree = "SOURCE_ROOT";
		};
		9BBDFA4ED1F6BB8A789EE31D = {
			isa = PBXFileReference;
			lastKnownFileType = sourcecode.c.h;
			name = InversionSection.h;
			path = ../../Source/InversionSection.h;
			sourceTree = "SOURCE_ROOT";
		};
		9C5232BC9005F672CFF07798 = {
			isa = PBXFileReference;
			lastKnownFileType = sourcecode.cpp.objcpp;
			name = "include_juce_data_structures.mm";
			path = "../../JuceLibraryCode/include_juce_data_structures.mm";
			sourceTree = "SOURCE_ROOT";
		};
		A17ADA88695BE4258CF6BA09 = {
			isa = PBXFileReference;
			lastKnownFileType = file;
			name = "juce_gui_extra";
			path = "/Users/sethgory/JUCE/modules/juce_gui_extra";
			sourceTree = "<absolute>";
		};
		A17D0F8A74AC938E1234EFEB = {
			isa = PBXFileReference;
			lastKnownFileType = wrapper.framework;
			name = IOKit.framework;
			path = System/Library/Frameworks/IOKit.framework;
			sourceTree = SDKROOT;
		};
		A76AC6A5C2DDA8174C5279B5 = {
			isa = PBXFileReference;
			explicitFileType = archive.ar;
			includeInIndex = 0;
			path = libModalExplorerVST.a;
			sourceTree = "BUILT_PRODUCTS_DIR";
		};
		AA33596A4186049A002FE444 = {
			isa = PBXFileReference;
			lastKnownFileType = sourcecode.cpp.cpp;
			name = PluginProcessor.cpp;
			path = ../../Source/PluginProcessor.cpp;
			sourceTree = "SOURCE_ROOT";
		};
		B214A7D45A5E00AA798D58C6 = {
			isa = PBXFileReference;
			lastKnownFileType = file;
			name = "juce_audio_formats";
			path = "/Users/sethgory/JUCE/modules/juce_audio_formats";
			sourceTree = "<absolute>";
		};
		B323AE928C640C01CA74848D = {
			isa = PBXFileReference;
			lastKnownFileType = text.plist.xml;
			name = "Info-AU.plist";
			path = "Info-AU.plist";
			sourceTree = "SOURCE_ROOT";
		};
		B5826C2FD430D6A6582918D0 = {
			isa = PBXFileReference;
			lastKnownFileType = sourcecode.cpp.objcpp;
			name = "include_juce_core.mm";
			path = "../../JuceLibraryCode/include_juce_core.mm";
			sourceTree = "SOURCE_ROOT";
		};
		B99A553D9E2ABE75DE3B84C9 = {
			isa = PBXFileReference;
			lastKnownFileType = file;
			name = "juce_audio_processors";
			path = "/Users/sethgory/JUCE/modules/juce_audio_processors";
			sourceTree = "<absolute>";
		};
		BA95E3A63B165961D95E8E10 = {
			isa = PBXFileReference;
			lastKnownFileType = wrapper.framework;
			name = Cocoa.framework;
			path = System/Library/Frameworks/Cocoa.framework;
			sourceTree = SDKROOT;
		};
		BB4F87331E2803923BB1EB08 = {
			isa = PBXFileReference;
			lastKnownFileType = sourcecode.cpp.objcpp;
			name = "include_juce_gui_basics.mm";
			path = "../../JuceLibraryCode/include_juce_gui_basics.mm";
			sourceTree = "SOURCE_ROOT";
		};
		BBC5371E143664A6CF444EA5 = {
			isa = PBXFileReference;
			lastKnownFileType = sourcecode.cpp.cpp;
			name = OutputLevelSection.cpp;
			path = ../../Source/OutputLevelSection.cpp;
			sourceTree = "SOURCE_ROOT";
		};
		BC8776073EDCA9500DFB89D1 = {
			isa = PBXFileReference;
			lastKnownFileType = wrapper.framework;
			name = AudioUnit.framework;
			path = System/Library/Frameworks/AudioUnit.framework;
			sourceTree = SDKROOT;
		};
		BCF5B4026D4E347C133E715E = {
			isa = PBXFileReference;
			lastKnownFileType = wrapper.framework;
			name = CoreMIDI.framework;
			path = System/Library/Frameworks/CoreMIDI.framework;
			sourceTree = SDKROOT;
		};
		BD6D851FD73BC5DF4F8AD9ED = {
			isa = PBXFileReference;
			lastKnownFileType = sourcecode.cpp.cpp;
			name = InversionSection.cpp;
			path = ../../Source/InversionSection.cpp;
			sourceTree = "SOURCE_ROOT";
		};
		BE56775E83EE9C7D9AACF735 = {
			isa = PBXFileReference;
			lastKnownFileType = sourcecode.cpp.objcpp;
			name = "include_juce_audio_plugin_client_VST_utils.mm";
			path = "../../JuceLibraryCode/include_juce_audio_plugin_client_VST_utils.mm";
			sourceTree = "SOURCE_ROOT";
		};
		BECE67ABC56A3BEC5ED7BF44 = {
			isa = PBXFileReference;
			lastKnownFileType = file;
			name = "juce_audio_basics";
			path = "/Users/sethgory/JUCE/modules/juce_audio_basics";
			sourceTree = "<absolute>";
		};
		C3718681A5D92D08218460FE = {
			isa = PBXFileReference;
			lastKnownFileType = sourcecode.c.h;
			name = VerticalTitleSection.h;
			path = ../../Source/VerticalTitleSection.h;
			sourceTree = "SOURCE_ROOT";
		};
		C47B96EA11A779A4BEC38F42 = {
			isa = PBXFileReference;
			lastKnownFileType = sourcecode.cpp.cpp;
			name = "include_juce_audio_plugin_client_utils.cpp";
			path = "../../JuceLibraryCode/include_juce_audio_plugin_client_utils.cpp";
			sourceTree = "SOURCE_ROOT";
		};
		C63EAA998718A8E0D0F4AF45 = {
			isa = PBXFileReference;
			lastKnownFileType = wrapper.framework;
			name = QuartzCore.framework;
			path = System/Library/Frameworks/QuartzCore.framework;
			sourceTree = SDKROOT;
		};
		CE67436A0160C8DB89D46717 = {
			isa = PBXFileReference;
			lastKnownFileType = sourcecode.c.h;
			name = JucePluginDefines.h;
			path = ../../JuceLibraryCode/JucePluginDefines.h;
			sourceTree = "SOURCE_ROOT";
		};
		D1422960EE2AFAD7F59F7CEC = {
			isa = PBXFileReference;
			lastKnownFileType = file;
			name = "juce_audio_utils";
			path = "/Users/sethgory/JUCE/modules/juce_audio_utils";
			sourceTree = "<absolute>";
		};
		D236BB430E7EEDB10AA2E500 = {
			isa = PBXFileReference;
			lastKnownFileType = sourcecode.c.h;
			name = PluginProcessor.h;
			path = ../../Source/PluginProcessor.h;
			sourceTree = "SOURCE_ROOT";
		};
		D245F85E194276C9A9CDB67A = {
			isa = PBXFileReference;
			lastKnownFileType = sourcecode.cpp.cpp;
			name = "include_juce_audio_plugin_client_VST3.cpp";
			path = "../../JuceLibraryCode/include_juce_audio_plugin_client_VST3.cpp";
			sourceTree = "SOURCE_ROOT";
		};
		D3516F8A2B6DCD364480691F = {
			isa = PBXFileReference;
			lastKnownFileType = sourcecode.cpp.objcpp;
			name = "include_juce_audio_plugin_client_AU_2.mm";
			path = "../../JuceLibraryCode/include_juce_audio_plugin_client_AU_2.mm";
			sourceTree = "SOURCE_ROOT";
		};
		D52A64669E1983DFAF6A80C8 = {
			isa = PBXFileReference;
			lastKnownFileType = sourcecode.c.h;
			name = MixSection.h;
			path = ../../Source/MixSection.h;
			sourceTree = "SOURCE_ROOT";
		};
		D71616C49973A7FED2BDA3FA = {
			isa = PBXFileReference;
			lastKnownFileType = sourcecode.cpp.objcpp;
			name = "include_juce_audio_utils.mm";
			path = "../../JuceLibraryCode/include_juce_audio_utils.mm";
			sourceTree = "SOURCE_ROOT";
		};
		DEA0B290D4D8329087C70F50 = {
			isa = PBXFileReference;
			lastKnownFileType = wrapper.framework;
			name = Carbon.framework;
			path = System/Library/Frameworks/Carbon.framework;
			sourceTree = SDKROOT;
		};
		DEAEF9A67BB7AB8EEC2F13D9 = {
			isa = PBXFileReference;
			lastKnownFileType = wrapper.framework;
			name = Foundation.framework;
			path = System/Library/Frameworks/Foundation.framework;
			sourceTree = SDKROOT;
		};
		E26303B98953F28B3E4A73B3 = {
			isa = PBXFileReference;
			lastKnownFileType = wrapper.framework;
			name = CoreAudio.framework;
			path = System/Library/Frameworks/CoreAudio.framework;
			sourceTree = SDKROOT;
		};
		E7C55F0CB358B8EA0D85B4E7 = {
			isa = PBXFileReference;
			lastKnownFileType = sourcecode.c.h;
			name = ChordSection.h;
			path = ../../Source/ChordSection.h;
			sourceTree = "SOURCE_ROOT";
		};
		EB16DE47B4D39A9A6BABC6F8 = {
			isa = PBXFileReference;
			lastKnownFileType = file;
			name = "juce_events";
			path = "/Users/sethgory/JUCE/modules/juce_events";
			sourceTree = "<absolute>";
		};
		F4D821237BA37DE9517042CC = {
			isa = PBXFileReference;
			lastKnownFileType = wrapper.framework;
			name = DiscRecording.framework;
			path = System/Library/Frameworks/DiscRecording.framework;
			sourceTree = SDKROOT;
		};
		FEE2C277B9EEF8B047F7504B = {
			isa = PBXFileReference;
			lastKnownFileType = sourcecode.cpp.objcpp;
			name = "include_juce_audio_formats.mm";
			path = "../../JuceLibraryCode/include_juce_audio_formats.mm";
			sourceTree = "SOURCE_ROOT";
		};
		FFC084FA3D64CBA96B20A8C7 = {
			isa = PBXFileReference;
			lastKnownFileType = sourcecode.c.h;
			name = JuceHeader.h;
			path = ../../JuceLibraryCode/JuceHeader.h;
			sourceTree = "SOURCE_ROOT";
		};
		FCA435D907409695845C0F7B = {
			isa = PBXGroup;
			children = (
				AA33596A4186049A002FE444,
				D236BB430E7EEDB10AA2E500,
				0C6C57CE95581FC968A3B4EE,
				E7C55F0CB358B8EA0D85B4E7,
				BD6D851FD73BC5DF4F8AD9ED,
				9BBDFA4ED1F6BB8A789EE31D,
				2820021C5AC3862EA8DA7138,
				942E60322CE0D8F48A57E09D,
				BBC5371E143664A6CF444EA5,
				2D7A2F33D853014CFA6F8D6A,
				7A40EC0EE32B2C313402EF05,
				0824534AA7346F584DC17698,
				998D190B58795DFC4BE57965,
				0EAA25222452C85DF8042576,
				D52A64669E1983DFAF6A80C8,
				9381BB5913C68A6703A70E6C,
				C3718681A5D92D08218460FE,
				765B1FB5290D781845D3D095,
				7D642FB297B7A3A25DF5F492,
				256B45E5F20161B8C7CD43F2,
			);
			name = Source;
			sourceTree = "<group>";
		};
		A7D03C2118D189FCD69626C7 = {
			isa = PBXGroup;
			children = (
				FCA435D907409695845C0F7B,
			);
			name = ModalExplorerVST;
			sourceTree = "<group>";
		};
		A8B92D3680CF8086B2081F8C = {
			isa = PBXGroup;
			children = (
				BECE67ABC56A3BEC5ED7BF44,
				5D5608AFC1A88A256E7FC20A,
				B214A7D45A5E00AA798D58C6,
				57233044569649A5B517D460,
				B99A553D9E2ABE75DE3B84C9,
				D1422960EE2AFAD7F59F7CEC,
				33134527A68E45BD49EBC1B5,
				5F3EA75A40DD341CBFA6AB38,
				EB16DE47B4D39A9A6BABC6F8,
				945DD62EE35049FBCD8991A1,
				7DABAE31404F18F8F53B56CC,
				A17ADA88695BE4258CF6BA09,
			);
			name = "JUCE Modules";
			sourceTree = "<group>";
		};
		96B1D818F0F901C240BE5CF3 = {
			isa = PBXGroup;
			children = (
				4A909B407345B6B77A19168E,
				6FF640F5EAEBF7ADE21A7B46,
				FEE2C277B9EEF8B047F7504B,
				2E32ACFB973DC3384DE8CAB6,
				855B6BDC9A7BDD7024905E52,
				D3516F8A2B6DCD364480691F,
				22D76777BF8B1ABDC472F39A,
				C47B96EA11A779A4BEC38F42,
				BE56775E83EE9C7D9AACF735,
				D245F85E194276C9A9CDB67A,
				2FD09DA2C29393FA7DC53B5C,
				D71616C49973A7FED2BDA3FA,
				B5826C2FD430D6A6582918D0,
				9C5232BC9005F672CFF07798,
				5DA7CD7A108E4437EC8D1D0F,
				8C4F03859E04EFDFF8286CE9,
				BB4F87331E2803923BB1EB08,
				00D01401391EA82978957EB4,
				FFC084FA3D64CBA96B20A8C7,
				CE67436A0160C8DB89D46717,
			);
			name = "JUCE Library Code";
			sourceTree = "<group>";
		};
		46ACE92A536492EBE60E5517 = {
			isa = PBXGroup;
			children = (
				5590EC8EF0D85B0DC0DF4220,
				B323AE928C640C01CA74848D,
				73EE91E267AC8A2958F72095,
				2F37D0E57440B8049B18ED5D,
			);
			name = Resources;
			sourceTree = "<group>";
		};
		983367D739BC4D4B216BD2B5 = {
			isa = PBXGroup;
			children = (
				BC8776073EDCA9500DFB89D1,
				805B71BE9CA874F71F129DA3,
				451642FF9FB35BD15BF71469,
				DEA0B290D4D8329087C70F50,
				BA95E3A63B165961D95E8E10,
				E26303B98953F28B3E4A73B3,
				484E5B33F9084B04CD624702,
				BCF5B4026D4E347C133E715E,
				F4D821237BA37DE9517042CC,
				DEAEF9A67BB7AB8EEC2F13D9,
				A17D0F8A74AC938E1234EFEB,
				C63EAA998718A8E0D0F4AF45,
				249152E94FCA207545EE1943,
			);
			name = Frameworks;
			sourceTree = "<group>";
		};
		7D00569C5AFC4191C5B97BA9 = {
			isa = PBXGroup;
			children = (
				C9DAD26DB3FE207ECBD6E28B,
				8E9208B1B03567CC6522913D,
				1035A923AF9996191086C874,
				A76AC6A5C2DDA8174C5279B5,
			);
			name = Products;
			sourceTree = "<group>";
		};
		A402FFF2163AECC0BA3B4709 = {
			isa = PBXGroup;
			children = (
				A7D03C2118D189FCD69626C7,
				A8B92D3680CF8086B2081F8C,
				96B1D818F0F901C240BE5CF3,
				46ACE92A536492EBE60E5517,
				983367D739BC4D4B216BD2B5,
				7D00569C5AFC4191C5B97BA9,
			);
			name = Source;
			sourceTree = "<group>";
		};
		90C44E62C2F98B3E6581DBED = {
			isa = PBXTargetDependency;
			target = 99572D805BCCC058F2DAEBE7;
		};
		116BF39FC0DF87CDE9DD58D2 = {
			isa = PBXTargetDependency;
			target = 808F810053259CBE2F59D033;
		};
		49211497310E58E35A97BD9C = {
			isa = PBXTargetDependency;
			target = 0171059B2FD81A1713D289EF;
		};
		C9D73F68B1FF12825AA4C13A = {
			isa = PBXTargetDependency;
			target = 6B0E9033F9E2FD458C0D6424;
		};
		93254B9BFB8745CE2613DE2E = {
			isa = PBXTargetDependency;
			target = 6B0E9033F9E2FD458C0D6424;
		};
		F64A21D7264EDB68A8E8D402 = {
			isa = PBXTargetDependency;
			target = 6B0E9033F9E2FD458C0D6424;
		};
		76F7D41983E9BA0EA2C8B875 = {
			isa = PBXTargetDependency;
			target = 6B0E9033F9E2FD458C0D6424;
		};
		87FA173A04366C11F9B4CE87 = {
			isa = XCBuildConfiguration;
			buildSettings = {
				MACOSX_DEPLOYMENT_TARGET = 10.11;
				SDKROOT = macosx;
			};
			name = Debug;
		};
		F2280EC731E400E4D71BBB08 = {
			isa = XCBuildConfiguration;
			buildSettings = {
				MACOSX_DEPLOYMENT_TARGET = 10.11;
				SDKROOT = macosx;
			};
			name = Release;
		};
		387A7ED41DD9B93484F50AC6 = {
			isa = XCBuildConfiguration;
			buildSettings = {
				CLANG_CXX_LANGUAGE_STANDARD = "c++14";
				CLANG_CXX_LIBRARY = "libc++";
				CLANG_LINK_OBJC_RUNTIME = NO;
				CODE_SIGN_IDENTITY = "";
				COMBINE_HIDPI_IMAGES = YES;
				CONFIGURATION_BUILD_DIR = "$(PROJECT_DIR)/build/$(CONFIGURATION)";
				COPY_PHASE_STRIP = NO;
				DEPLOYMENT_LOCATION = YES;
				DSTROOT = /;
				GCC_DYNAMIC_NO_PIC = NO;
				GCC_OPTIMIZATION_LEVEL = 0;
				GCC_PREPROCESSOR_DEFINITIONS = (
					"_DEBUG=1",
					"DEBUG=1",
					"JUCE_DISPLAY_SPLASH_SCREEN=1",
					"JUCE_USE_DARK_SPLASH_SCREEN=1",
					"JUCE_PROJUCER_VERSION=0x60007",
					"JUCE_MODULE_AVAILABLE_juce_audio_basics=1",
					"JUCE_MODULE_AVAILABLE_juce_audio_devices=1",
					"JUCE_MODULE_AVAILABLE_juce_audio_formats=1",
					"JUCE_MODULE_AVAILABLE_juce_audio_plugin_client=1",
					"JUCE_MODULE_AVAILABLE_juce_audio_processors=1",
					"JUCE_MODULE_AVAILABLE_juce_audio_utils=1",
					"JUCE_MODULE_AVAILABLE_juce_core=1",
					"JUCE_MODULE_AVAILABLE_juce_data_structures=1",
					"JUCE_MODULE_AVAILABLE_juce_events=1",
					"JUCE_MODULE_AVAILABLE_juce_graphics=1",
					"JUCE_MODULE_AVAILABLE_juce_gui_basics=1",
					"JUCE_MODULE_AVAILABLE_juce_gui_extra=1",
					"JUCE_GLOBAL_MODULE_SETTINGS_INCLUDED=1",
					"JUCE_VST3_CAN_REPLACE_VST2=0",
					"JUCE_STRICT_REFCOUNTEDPOINTER=1",
					"JucePlugin_Build_VST=0",
					"JucePlugin_Build_VST3=1",
					"JucePlugin_Build_AU=0",
					"JucePlugin_Build_AUv3=0",
					"JucePlugin_Build_RTAS=0",
					"JucePlugin_Build_AAX=0",
					"JucePlugin_Build_Standalone=0",
					"JucePlugin_Build_Unity=0",
					"JucePlugin_Enable_IAA=0",
					"JucePlugin_Name=\\\"ModalExplorerVST\\\"",
					"JucePlugin_Desc=\\\"ModalExplorerVST\\\"",
					"JucePlugin_Manufacturer=\\\"yourcompany\\\"",
					"JucePlugin_ManufacturerWebsite=\\\"\\\"",
					"JucePlugin_ManufacturerEmail=\\\"\\\"",
					"JucePlugin_ManufacturerCode=0x4d616e75",
					"JucePlugin_PluginCode=0x426e3066",
					"JucePlugin_IsSynth=0",
					"JucePlugin_WantsMidiInput=0",
					"JucePlugin_ProducesMidiOutput=0",
					"JucePlugin_IsMidiEffect=0",
					"JucePlugin_EditorRequiresKeyboardFocus=0",
					"JucePlugin_Version=1.0.0",
					"JucePlugin_VersionCode=0x10000",
					"JucePlugin_VersionString=\\\"1.0.0\\\"",
					"JucePlugin_VSTUniqueID=JucePlugin_PluginCode",
					"JucePlugin_VSTCategory=kPlugCategEffect",
					"JucePlugin_Vst3Category=\\\"Fx\\\"",
					"JucePlugin_AUMainType='aufx'",
					"JucePlugin_AUSubType=JucePlugin_PluginCode",
					"JucePlugin_AUExportPrefix=ModalExplorerVSTAU",
					"JucePlugin_AUExportPrefixQuoted=\\\"ModalExplorerVSTAU\\\"",
					"JucePlugin_AUManufacturerCode=JucePlugin_ManufacturerCode",
					"JucePlugin_CFBundleIdentifier=com.yourcompany.ModalExplorerVST",
					"JucePlugin_RTASCategory=0",
					"JucePlugin_RTASManufacturerCode=JucePlugin_ManufacturerCode",
					"JucePlugin_RTASProductId=JucePlugin_PluginCode",
					"JucePlugin_RTASDisableBypass=0",
					"JucePlugin_RTASDisableMultiMono=0",
					"JucePlugin_AAXIdentifier=com.yourcompany.ModalExplorerVST",
					"JucePlugin_AAXManufacturerCode=JucePlugin_ManufacturerCode",
					"JucePlugin_AAXProductId=JucePlugin_PluginCode",
					"JucePlugin_AAXCategory=0",
					"JucePlugin_AAXDisableBypass=0",
					"JucePlugin_AAXDisableMultiMono=0",
					"JucePlugin_IAAType=0x61757278",
					"JucePlugin_IAASubType=JucePlugin_PluginCode",
					"JucePlugin_IAAName=\\\"yourcompany:\\ ModalExplorerVST\\\"",
					"JucePlugin_VSTNumMidiInputs=16",
					"JucePlugin_VSTNumMidiOutputs=16",
					"JUCE_STANDALONE_APPLICATION=JucePlugin_Build_Standalone",
					"JUCER_XCODE_MAC_F6D2F4CF=1",
					"JUCE_APP_VERSION=1.0.0",
					"JUCE_APP_VERSION_HEX=0x10000",
				);
				GCC_VERSION = com.apple.compilers.llvm.clang.1_0;
				GENERATE_PKGINFO_FILE = YES;
				HEADER_SEARCH_PATHS = (
					"/Users/sethgory/JUCE/modules/juce_audio_processors/format_types/VST3_SDK",
					"$(SRCROOT)/../../JuceLibraryCode",
					"/Users/sethgory/JUCE/modules",
					"/Users/sethgory/JUCE/modules/juce_audio_plugin_client",
					"$(inherited)",
				);
				INFOPLIST_FILE = Info-VST3.plist;
				INFOPLIST_PREPROCESS = NO;
				INSTALL_PATH = "$(HOME)/Library/Audio/Plug-Ins/VST3/";
				LIBRARY_STYLE = Bundle;
				MACOSX_DEPLOYMENT_TARGET = 10.11;
				MTL_HEADER_SEARCH_PATHS = (
					"/Users/sethgory/JUCE/modules/juce_audio_processors/format_types/VST3_SDK",
					"$(SRCROOT)/../../JuceLibraryCode",
					"/Users/sethgory/JUCE/modules",
					"/Users/sethgory/JUCE/modules/juce_audio_plugin_client",
				);
				OTHER_LDFLAGS = "-bundle -lModalExplorerVST";
				PRODUCT_BUNDLE_IDENTIFIER = com.yourcompany.ModalExplorerVST;
				PRODUCT_NAME = "ModalExplorerVST";
				USE_HEADERMAP = NO;
				VALID_ARCHS = "i386 x86_64 arm64 arm64e";
				WRAPPER_EXTENSION = vst3;
			};
			name = Debug;
		};
		AA0FF4BFD4C25BFAB2478B39 = {
			isa = XCBuildConfiguration;
			buildSettings = {
				CLANG_CXX_LANGUAGE_STANDARD = "c++14";
				CLANG_CXX_LIBRARY = "libc++";
				CLANG_LINK_OBJC_RUNTIME = NO;
				CODE_SIGN_IDENTITY = "";
				COMBINE_HIDPI_IMAGES = YES;
				CONFIGURATION_BUILD_DIR = "$(PROJECT_DIR)/build/$(CONFIGURATION)";
				DEAD_CODE_STRIPPING = YES;
				DEPLOYMENT_LOCATION = YES;
				DSTROOT = /;
				GCC_GENERATE_DEBUGGING_SYMBOLS = NO;
				GCC_OPTIMIZATION_LEVEL = 3;
				GCC_PREPROCESSOR_DEFINITIONS = (
					"_NDEBUG=1",
					"NDEBUG=1",
					"JUCE_DISPLAY_SPLASH_SCREEN=1",
					"JUCE_USE_DARK_SPLASH_SCREEN=1",
					"JUCE_PROJUCER_VERSION=0x60007",
					"JUCE_MODULE_AVAILABLE_juce_audio_basics=1",
					"JUCE_MODULE_AVAILABLE_juce_audio_devices=1",
					"JUCE_MODULE_AVAILABLE_juce_audio_formats=1",
					"JUCE_MODULE_AVAILABLE_juce_audio_plugin_client=1",
					"JUCE_MODULE_AVAILABLE_juce_audio_processors=1",
					"JUCE_MODULE_AVAILABLE_juce_audio_utils=1",
					"JUCE_MODULE_AVAILABLE_juce_core=1",
					"JUCE_MODULE_AVAILABLE_juce_data_structures=1",
					"JUCE_MODULE_AVAILABLE_juce_events=1",
					"JUCE_MODULE_AVAILABLE_juce_graphics=1",
					"JUCE_MODULE_AVAILABLE_juce_gui_basics=1",
					"JUCE_MODULE_AVAILABLE_juce_gui_extra=1",
					"JUCE_GLOBAL_MODULE_SETTINGS_INCLUDED=1",
					"JUCE_VST3_CAN_REPLACE_VST2=0",
					"JUCE_STRICT_REFCOUNTEDPOINTER=1",
					"JucePlugin_Build_VST=0",
					"JucePlugin_Build_VST3=1",
					"JucePlugin_Build_AU=0",
					"JucePlugin_Build_AUv3=0",
					"JucePlugin_Build_RTAS=0",
					"JucePlugin_Build_AAX=0",
					"JucePlugin_Build_Standalone=0",
					"JucePlugin_Build_Unity=0",
					"JucePlugin_Enable_IAA=0",
					"JucePlugin_Name=\\\"ModalExplorerVST\\\"",
					"JucePlugin_Desc=\\\"ModalExplorerVST\\\"",
					"JucePlugin_Manufacturer=\\\"yourcompany\\\"",
					"JucePlugin_ManufacturerWebsite=\\\"\\\"",
					"JucePlugin_ManufacturerEmail=\\\"\\\"",
					"JucePlugin_ManufacturerCode=0x4d616e75",
					"JucePlugin_PluginCode=0x426e3066",
					"JucePlugin_IsSynth=0",
					"JucePlugin_WantsMidiInput=0",
					"JucePlugin_ProducesMidiOutput=0",
					"JucePlugin_IsMidiEffect=0",
					"JucePlugin_EditorRequiresKeyboardFocus=0",
					"JucePlugin_Version=1.0.0",
					"JucePlugin_VersionCode=0x10000",
					"JucePlugin_VersionString=\\\"1.0.0\\\"",
					"JucePlugin_VSTUniqueID=JucePlugin_PluginCode",
					"JucePlugin_VSTCategory=kPlugCategEffect",
					"JucePlugin_Vst3Category=\\\"Fx\\\"",
					"JucePlugin_AUMainType='aufx'",
					"JucePlugin_AUSubType=JucePlugin_PluginCode",
					"JucePlugin_AUExportPrefix=ModalExplorerVSTAU",
					"JucePlugin_AUExportPrefixQuoted=\\\"ModalExplorerVSTAU\\\"",
					"JucePlugin_AUManufacturerCode=JucePlugin_ManufacturerCode",
					"JucePlugin_CFBundleIdentifier=com.yourcompany.ModalExplorerVST",
					"JucePlugin_RTASCategory=0",
					"JucePlugin_RTASManufacturerCode=JucePlugin_ManufacturerCode",
					"JucePlugin_RTASProductId=JucePlugin_PluginCode",
					"JucePlugin_RTASDisableBypass=0",
					"JucePlugin_RTASDisableMultiMono=0",
					"JucePlugin_AAXIdentifier=com.yourcompany.ModalExplorerVST",
					"JucePlugin_AAXManufacturerCode=JucePlugin_ManufacturerCode",
					"JucePlugin_AAXProductId=JucePlugin_PluginCode",
					"JucePlugin_AAXCategory=0",
					"JucePlugin_AAXDisableBypass=0",
					"JucePlugin_AAXDisableMultiMono=0",
					"JucePlugin_IAAType=0x61757278",
					"JucePlugin_IAASubType=JucePlugin_PluginCode",
					"JucePlugin_IAAName=\\\"yourcompany:\\ ModalExplorerVST\\\"",
					"JucePlugin_VSTNumMidiInputs=16",
					"JucePlugin_VSTNumMidiOutputs=16",
					"JUCE_STANDALONE_APPLICATION=JucePlugin_Build_Standalone",
					"JUCER_XCODE_MAC_F6D2F4CF=1",
					"JUCE_APP_VERSION=1.0.0",
					"JUCE_APP_VERSION_HEX=0x10000",
				);
				GCC_VERSION = com.apple.compilers.llvm.clang.1_0;
				GENERATE_PKGINFO_FILE = YES;
				HEADER_SEARCH_PATHS = (
					"/Users/sethgory/JUCE/modules/juce_audio_processors/format_types/VST3_SDK",
					"$(SRCROOT)/../../JuceLibraryCode",
					"/Users/sethgory/JUCE/modules",
					"/Users/sethgory/JUCE/modules/juce_audio_plugin_client",
					"$(inherited)",
				);
				INFOPLIST_FILE = Info-VST3.plist;
				INFOPLIST_PREPROCESS = NO;
				INSTALL_PATH = "$(HOME)/Library/Audio/Plug-Ins/VST3/";
				LIBRARY_STYLE = Bundle;
				LLVM_LTO = YES;
				MACOSX_DEPLOYMENT_TARGET = 10.11;
				MTL_HEADER_SEARCH_PATHS = (
					"/Users/sethgory/JUCE/modules/juce_audio_processors/format_types/VST3_SDK",
					"$(SRCROOT)/../../JuceLibraryCode",
					"/Users/sethgory/JUCE/modules",
					"/Users/sethgory/JUCE/modules/juce_audio_plugin_client",
				);
				OTHER_LDFLAGS = "-bundle -lModalExplorerVST";
				PRODUCT_BUNDLE_IDENTIFIER = com.yourcompany.ModalExplorerVST;
				PRODUCT_NAME = "ModalExplorerVST";
				USE_HEADERMAP = NO;
				VALID_ARCHS = "i386 x86_64 arm64 arm64e";
				WRAPPER_EXTENSION = vst3;
			};
			name = Release;
		};
		D09325E170457115480F8A19 = {
			isa = XCBuildConfiguration;
			buildSettings = {
				CLANG_CXX_LANGUAGE_STANDARD = "c++14";
				CLANG_CXX_LIBRARY = "libc++";
				CLANG_LINK_OBJC_RUNTIME = NO;
				CODE_SIGN_IDENTITY = "";
				COMBINE_HIDPI_IMAGES = YES;
				CONFIGURATION_BUILD_DIR = "$(PROJECT_DIR)/build/$(CONFIGURATION)";
				COPY_PHASE_STRIP = NO;
				DEPLOYMENT_LOCATION = YES;
				DSTROOT = /;
				GCC_DYNAMIC_NO_PIC = NO;
				GCC_OPTIMIZATION_LEVEL = 0;
				GCC_PREPROCESSOR_DEFINITIONS = (
					"_DEBUG=1",
					"DEBUG=1",
					"JUCE_DISPLAY_SPLASH_SCREEN=1",
					"JUCE_USE_DARK_SPLASH_SCREEN=1",
					"JUCE_PROJUCER_VERSION=0x60007",
					"JUCE_MODULE_AVAILABLE_juce_audio_basics=1",
					"JUCE_MODULE_AVAILABLE_juce_audio_devices=1",
					"JUCE_MODULE_AVAILABLE_juce_audio_formats=1",
					"JUCE_MODULE_AVAILABLE_juce_audio_plugin_client=1",
					"JUCE_MODULE_AVAILABLE_juce_audio_processors=1",
					"JUCE_MODULE_AVAILABLE_juce_audio_utils=1",
					"JUCE_MODULE_AVAILABLE_juce_core=1",
					"JUCE_MODULE_AVAILABLE_juce_data_structures=1",
					"JUCE_MODULE_AVAILABLE_juce_events=1",
					"JUCE_MODULE_AVAILABLE_juce_graphics=1",
					"JUCE_MODULE_AVAILABLE_juce_gui_basics=1",
					"JUCE_MODULE_AVAILABLE_juce_gui_extra=1",
					"JUCE_GLOBAL_MODULE_SETTINGS_INCLUDED=1",
					"JUCE_VST3_CAN_REPLACE_VST2=0",
					"JUCE_STRICT_REFCOUNTEDPOINTER=1",
					"JucePlugin_Build_VST=0",
					"JucePlugin_Build_VST3=0",
					"JucePlugin_Build_AU=1",
					"JucePlugin_Build_AUv3=0",
					"JucePlugin_Build_RTAS=0",
					"JucePlugin_Build_AAX=0",
					"JucePlugin_Build_Standalone=0",
					"JucePlugin_Build_Unity=0",
					"JucePlugin_Enable_IAA=0",
					"JucePlugin_Name=\\\"ModalExplorerVST\\\"",
					"JucePlugin_Desc=\\\"ModalExplorerVST\\\"",
					"JucePlugin_Manufacturer=\\\"yourcompany\\\"",
					"JucePlugin_ManufacturerWebsite=\\\"\\\"",
					"JucePlugin_ManufacturerEmail=\\\"\\\"",
					"JucePlugin_ManufacturerCode=0x4d616e75",
					"JucePlugin_PluginCode=0x426e3066",
					"JucePlugin_IsSynth=0",
					"JucePlugin_WantsMidiInput=0",
					"JucePlugin_ProducesMidiOutput=0",
					"JucePlugin_IsMidiEffect=0",
					"JucePlugin_EditorRequiresKeyboardFocus=0",
					"JucePlugin_Version=1.0.0",
					"JucePlugin_VersionCode=0x10000",
					"JucePlugin_VersionString=\\\"1.0.0\\\"",
					"JucePlugin_VSTUniqueID=JucePlugin_PluginCode",
					"JucePlugin_VSTCategory=kPlugCategEffect",
					"JucePlugin_Vst3Category=\\\"Fx\\\"",
					"JucePlugin_AUMainType='aufx'",
					"JucePlugin_AUSubType=JucePlugin_PluginCode",
					"JucePlugin_AUExportPrefix=ModalExplorerVSTAU",
					"JucePlugin_AUExportPrefixQuoted=\\\"ModalExplorerVSTAU\\\"",
					"JucePlugin_AUManufacturerCode=JucePlugin_ManufacturerCode",
					"JucePlugin_CFBundleIdentifier=com.yourcompany.ModalExplorerVST",
					"JucePlugin_RTASCategory=0",
					"JucePlugin_RTASManufacturerCode=JucePlugin_ManufacturerCode",
					"JucePlugin_RTASProductId=JucePlugin_PluginCode",
					"JucePlugin_RTASDisableBypass=0",
					"JucePlugin_RTASDisableMultiMono=0",
					"JucePlugin_AAXIdentifier=com.yourcompany.ModalExplorerVST",
					"JucePlugin_AAXManufacturerCode=JucePlugin_ManufacturerCode",
					"JucePlugin_AAXProductId=JucePlugin_PluginCode",
					"JucePlugin_AAXCategory=0",
					"JucePlugin_AAXDisableBypass=0",
					"JucePlugin_AAXDisableMultiMono=0",
					"JucePlugin_IAAType=0x61757278",
					"JucePlugin_IAASubType=JucePlugin_PluginCode",
					"JucePlugin_IAAName=\\\"yourcompany:\\ ModalExplorerVST\\\"",
					"JucePlugin_VSTNumMidiInputs=16",
					"JucePlugin_VSTNumMidiOutputs=16",
					"JUCE_STANDALONE_APPLICATION=JucePlugin_Build_Standalone",
					"JUCER_XCODE_MAC_F6D2F4CF=1",
					"JUCE_APP_VERSION=1.0.0",
					"JUCE_APP_VERSION_HEX=0x10000",
				);
				GCC_VERSION = com.apple.compilers.llvm.clang.1_0;
				GENERATE_PKGINFO_FILE = YES;
				HEADER_SEARCH_PATHS = (
					"/Users/sethgory/JUCE/modules/juce_audio_processors/format_types/VST3_SDK",
					"$(SRCROOT)/../../JuceLibraryCode",
					"/Users/sethgory/JUCE/modules",
					"/Users/sethgory/JUCE/modules/juce_audio_plugin_client",
					"$(inherited)",
				);
				INFOPLIST_FILE = Info-AU.plist;
				INFOPLIST_PREPROCESS = NO;
				INSTALL_PATH = "$(HOME)/Library/Audio/Plug-Ins/Components/";
				LIBRARY_STYLE = Bundle;
				MACOSX_DEPLOYMENT_TARGET = 10.11;
				MTL_HEADER_SEARCH_PATHS = (
					"/Users/sethgory/JUCE/modules/juce_audio_processors/format_types/VST3_SDK",
					"$(SRCROOT)/../../JuceLibraryCode",
					"/Users/sethgory/JUCE/modules",
					"/Users/sethgory/JUCE/modules/juce_audio_plugin_client",
				);
				OTHER_LDFLAGS = "-bundle -lModalExplorerVST";
				OTHER_REZFLAGS = "-d ppc_$ppc -d i386_$i386 -d ppc64_$ppc64 -d x86_64_$x86_64 -I /System/Library/Frameworks/CoreServices.framework/Frameworks/CarbonCore.framework/Versions/A/Headers -I \"$(DEVELOPER_DIR)/Extras/CoreAudio/AudioUnits/AUPublic/AUBase\" -I \"$(DEVELOPER_DIR)/Platforms/MacOSX.platform/Developer/SDKs/MacOSX.sdk/System/Library/Frameworks/AudioUnit.framework/Headers\"";
				PRODUCT_BUNDLE_IDENTIFIER = com.yourcompany.ModalExplorerVST;
				PRODUCT_NAME = "ModalExplorerVST";
				USE_HEADERMAP = NO;
				VALID_ARCHS = "i386 x86_64 arm64 arm64e";
				WRAPPER_EXTENSION = component;
			};
			name = Debug;
		};
		56AFF6B043E7EEF264DD283D = {
			isa = XCBuildConfiguration;
			buildSettings = {
				CLANG_CXX_LANGUAGE_STANDARD = "c++14";
				CLANG_CXX_LIBRARY = "libc++";
				CLANG_LINK_OBJC_RUNTIME = NO;
				CODE_SIGN_IDENTITY = "";
				COMBINE_HIDPI_IMAGES = YES;
				CONFIGURATION_BUILD_DIR = "$(PROJECT_DIR)/build/$(CONFIGURATION)";
				DEAD_CODE_STRIPPING = YES;
				DEPLOYMENT_LOCATION = YES;
				DSTROOT = /;
				GCC_GENERATE_DEBUGGING_SYMBOLS = NO;
				GCC_OPTIMIZATION_LEVEL = 3;
				GCC_PREPROCESSOR_DEFINITIONS = (
					"_NDEBUG=1",
					"NDEBUG=1",
					"JUCE_DISPLAY_SPLASH_SCREEN=1",
					"JUCE_USE_DARK_SPLASH_SCREEN=1",
					"JUCE_PROJUCER_VERSION=0x60007",
					"JUCE_MODULE_AVAILABLE_juce_audio_basics=1",
					"JUCE_MODULE_AVAILABLE_juce_audio_devices=1",
					"JUCE_MODULE_AVAILABLE_juce_audio_formats=1",
					"JUCE_MODULE_AVAILABLE_juce_audio_plugin_client=1",
					"JUCE_MODULE_AVAILABLE_juce_audio_processors=1",
					"JUCE_MODULE_AVAILABLE_juce_audio_utils=1",
					"JUCE_MODULE_AVAILABLE_juce_core=1",
					"JUCE_MODULE_AVAILABLE_juce_data_structures=1",
					"JUCE_MODULE_AVAILABLE_juce_events=1",
					"JUCE_MODULE_AVAILABLE_juce_graphics=1",
					"JUCE_MODULE_AVAILABLE_juce_gui_basics=1",
					"JUCE_MODULE_AVAILABLE_juce_gui_extra=1",
					"JUCE_GLOBAL_MODULE_SETTINGS_INCLUDED=1",
					"JUCE_VST3_CAN_REPLACE_VST2=0",
					"JUCE_STRICT_REFCOUNTEDPOINTER=1",
					"JucePlugin_Build_VST=0",
					"JucePlugin_Build_VST3=0",
					"JucePlugin_Build_AU=1",
					"JucePlugin_Build_AUv3=0",
					"JucePlugin_Build_RTAS=0",
					"JucePlugin_Build_AAX=0",
					"JucePlugin_Build_Standalone=0",
					"JucePlugin_Build_Unity=0",
					"JucePlugin_Enable_IAA=0",
					"JucePlugin_Name=\\\"ModalExplorerVST\\\"",
					"JucePlugin_Desc=\\\"ModalExplorerVST\\\"",
					"JucePlugin_Manufacturer=\\\"yourcompany\\\"",
					"JucePlugin_ManufacturerWebsite=\\\"\\\"",
					"JucePlugin_ManufacturerEmail=\\\"\\\"",
					"JucePlugin_ManufacturerCode=0x4d616e75",
					"JucePlugin_PluginCode=0x426e3066",
					"JucePlugin_IsSynth=0",
					"JucePlugin_WantsMidiInput=0",
					"JucePlugin_ProducesMidiOutput=0",
					"JucePlugin_IsMidiEffect=0",
					"JucePlugin_EditorRequiresKeyboardFocus=0",
					"JucePlugin_Version=1.0.0",
					"JucePlugin_VersionCode=0x10000",
					"JucePlugin_VersionString=\\\"1.0.0\\\"",
					"JucePlugin_VSTUniqueID=JucePlugin_PluginCode",
					"JucePlugin_VSTCategory=kPlugCategEffect",
					"JucePlugin_Vst3Category=\\\"Fx\\\"",
					"JucePlugin_AUMainType='aufx'",
					"JucePlugin_AUSubType=JucePlugin_PluginCode",
					"JucePlugin_AUExportPrefix=ModalExplorerVSTAU",
					"JucePlugin_AUExportPrefixQuoted=\\\"ModalExplorerVSTAU\\\"",
					"JucePlugin_AUManufacturerCode=JucePlugin_ManufacturerCode",
					"JucePlugin_CFBundleIdentifier=com.yourcompany.ModalExplorerVST",
					"JucePlugin_RTASCategory=0",
					"JucePlugin_RTASManufacturerCode=JucePlugin_ManufacturerCode",
					"JucePlugin_RTASProductId=JucePlugin_PluginCode",
					"JucePlugin_RTASDisableBypass=0",
					"JucePlugin_RTASDisableMultiMono=0",
					"JucePlugin_AAXIdentifier=com.yourcompany.ModalExplorerVST",
					"JucePlugin_AAXManufacturerCode=JucePlugin_ManufacturerCode",
					"JucePlugin_AAXProductId=JucePlugin_PluginCode",
					"JucePlugin_AAXCategory=0",
					"JucePlugin_AAXDisableBypass=0",
					"JucePlugin_AAXDisableMultiMono=0",
					"JucePlugin_IAAType=0x61757278",
					"JucePlugin_IAASubType=JucePlugin_PluginCode",
					"JucePlugin_IAAName=\\\"yourcompany:\\ ModalExplorerVST\\\"",
					"JucePlugin_VSTNumMidiInputs=16",
					"JucePlugin_VSTNumMidiOutputs=16",
					"JUCE_STANDALONE_APPLICATION=JucePlugin_Build_Standalone",
					"JUCER_XCODE_MAC_F6D2F4CF=1",
					"JUCE_APP_VERSION=1.0.0",
					"JUCE_APP_VERSION_HEX=0x10000",
				);
				GCC_VERSION = com.apple.compilers.llvm.clang.1_0;
				GENERATE_PKGINFO_FILE = YES;
				HEADER_SEARCH_PATHS = (
					"/Users/sethgory/JUCE/modules/juce_audio_processors/format_types/VST3_SDK",
					"$(SRCROOT)/../../JuceLibraryCode",
					"/Users/sethgory/JUCE/modules",
					"/Users/sethgory/JUCE/modules/juce_audio_plugin_client",
					"$(inherited)",
				);
				INFOPLIST_FILE = Info-AU.plist;
				INFOPLIST_PREPROCESS = NO;
				INSTALL_PATH = "$(HOME)/Library/Audio/Plug-Ins/Components/";
				LIBRARY_STYLE = Bundle;
				LLVM_LTO = YES;
				MACOSX_DEPLOYMENT_TARGET = 10.11;
				MTL_HEADER_SEARCH_PATHS = (
					"/Users/sethgory/JUCE/modules/juce_audio_processors/format_types/VST3_SDK",
					"$(SRCROOT)/../../JuceLibraryCode",
					"/Users/sethgory/JUCE/modules",
					"/Users/sethgory/JUCE/modules/juce_audio_plugin_client",
				);
				OTHER_LDFLAGS = "-bundle -lModalExplorerVST";
				OTHER_REZFLAGS = "-d ppc_$ppc -d i386_$i386 -d ppc64_$ppc64 -d x86_64_$x86_64 -I /System/Library/Frameworks/CoreServices.framework/Frameworks/CarbonCore.framework/Versions/A/Headers -I \"$(DEVELOPER_DIR)/Extras/CoreAudio/AudioUnits/AUPublic/AUBase\" -I \"$(DEVELOPER_DIR)/Platforms/MacOSX.platform/Developer/SDKs/MacOSX.sdk/System/Library/Frameworks/AudioUnit.framework/Headers\"";
				PRODUCT_BUNDLE_IDENTIFIER = com.yourcompany.ModalExplorerVST;
				PRODUCT_NAME = "ModalExplorerVST";
				USE_HEADERMAP = NO;
				VALID_ARCHS = "i386 x86_64 arm64 arm64e";
				WRAPPER_EXTENSION = component;
			};
			name = Release;
		};
		E0BB9C101F6F2801BD42AF58 = {
			isa = XCBuildConfiguration;
			buildSettings = {
				CLANG_CXX_LANGUAGE_STANDARD = "c++14";
				CLANG_CXX_LIBRARY = "libc++";
				CLANG_LINK_OBJC_RUNTIME = NO;
				CODE_SIGN_IDENTITY = "";
				COMBINE_HIDPI_IMAGES = YES;
				CONFIGURATION_BUILD_DIR = "$(PROJECT_DIR)/build/$(CONFIGURATION)";
				COPY_PHASE_STRIP = NO;
				GCC_DYNAMIC_NO_PIC = NO;
				GCC_OPTIMIZATION_LEVEL = 0;
				GCC_PREPROCESSOR_DEFINITIONS = (
					"_DEBUG=1",
					"DEBUG=1",
					"JUCE_DISPLAY_SPLASH_SCREEN=1",
					"JUCE_USE_DARK_SPLASH_SCREEN=1",
					"JUCE_PROJUCER_VERSION=0x60007",
					"JUCE_MODULE_AVAILABLE_juce_audio_basics=1",
					"JUCE_MODULE_AVAILABLE_juce_audio_devices=1",
					"JUCE_MODULE_AVAILABLE_juce_audio_formats=1",
					"JUCE_MODULE_AVAILABLE_juce_audio_plugin_client=1",
					"JUCE_MODULE_AVAILABLE_juce_audio_processors=1",
					"JUCE_MODULE_AVAILABLE_juce_audio_utils=1",
					"JUCE_MODULE_AVAILABLE_juce_core=1",
					"JUCE_MODULE_AVAILABLE_juce_data_structures=1",
					"JUCE_MODULE_AVAILABLE_juce_events=1",
					"JUCE_MODULE_AVAILABLE_juce_graphics=1",
					"JUCE_MODULE_AVAILABLE_juce_gui_basics=1",
					"JUCE_MODULE_AVAILABLE_juce_gui_extra=1",
					"JUCE_GLOBAL_MODULE_SETTINGS_INCLUDED=1",
					"JUCE_VST3_CAN_REPLACE_VST2=0",
					"JUCE_STRICT_REFCOUNTEDPOINTER=1",
					"JucePlugin_Build_VST=0",
					"JucePlugin_Build_VST3=0",
					"JucePlugin_Build_AU=0",
					"JucePlugin_Build_AUv3=0",
					"JucePlugin_Build_RTAS=0",
					"JucePlugin_Build_AAX=0",
					"JucePlugin_Build_Standalone=1",
					"JucePlugin_Build_Unity=0",
					"JucePlugin_Enable_IAA=0",
					"JucePlugin_Name=\\\"ModalExplorerVST\\\"",
					"JucePlugin_Desc=\\\"ModalExplorerVST\\\"",
					"JucePlugin_Manufacturer=\\\"yourcompany\\\"",
					"JucePlugin_ManufacturerWebsite=\\\"\\\"",
					"JucePlugin_ManufacturerEmail=\\\"\\\"",
					"JucePlugin_ManufacturerCode=0x4d616e75",
					"JucePlugin_PluginCode=0x426e3066",
					"JucePlugin_IsSynth=0",
					"JucePlugin_WantsMidiInput=0",
					"JucePlugin_ProducesMidiOutput=0",
					"JucePlugin_IsMidiEffect=0",
					"JucePlugin_EditorRequiresKeyboardFocus=0",
					"JucePlugin_Version=1.0.0",
					"JucePlugin_VersionCode=0x10000",
					"JucePlugin_VersionString=\\\"1.0.0\\\"",
					"JucePlugin_VSTUniqueID=JucePlugin_PluginCode",
					"JucePlugin_VSTCategory=kPlugCategEffect",
					"JucePlugin_Vst3Category=\\\"Fx\\\"",
					"JucePlugin_AUMainType='aufx'",
					"JucePlugin_AUSubType=JucePlugin_PluginCode",
					"JucePlugin_AUExportPrefix=ModalExplorerVSTAU",
					"JucePlugin_AUExportPrefixQuoted=\\\"ModalExplorerVSTAU\\\"",
					"JucePlugin_AUManufacturerCode=JucePlugin_ManufacturerCode",
					"JucePlugin_CFBundleIdentifier=com.yourcompany.ModalExplorerVST",
					"JucePlugin_RTASCategory=0",
					"JucePlugin_RTASManufacturerCode=JucePlugin_ManufacturerCode",
					"JucePlugin_RTASProductId=JucePlugin_PluginCode",
					"JucePlugin_RTASDisableBypass=0",
					"JucePlugin_RTASDisableMultiMono=0",
					"JucePlugin_AAXIdentifier=com.yourcompany.ModalExplorerVST",
					"JucePlugin_AAXManufacturerCode=JucePlugin_ManufacturerCode",
					"JucePlugin_AAXProductId=JucePlugin_PluginCode",
					"JucePlugin_AAXCategory=0",
					"JucePlugin_AAXDisableBypass=0",
					"JucePlugin_AAXDisableMultiMono=0",
					"JucePlugin_IAAType=0x61757278",
					"JucePlugin_IAASubType=JucePlugin_PluginCode",
					"JucePlugin_IAAName=\\\"yourcompany:\\ ModalExplorerVST\\\"",
					"JucePlugin_VSTNumMidiInputs=16",
					"JucePlugin_VSTNumMidiOutputs=16",
					"JUCE_STANDALONE_APPLICATION=JucePlugin_Build_Standalone",
					"JUCER_XCODE_MAC_F6D2F4CF=1",
					"JUCE_APP_VERSION=1.0.0",
					"JUCE_APP_VERSION_HEX=0x10000",
				);
				GCC_VERSION = com.apple.compilers.llvm.clang.1_0;
				HEADER_SEARCH_PATHS = (
					"/Users/sethgory/JUCE/modules/juce_audio_processors/format_types/VST3_SDK",
					"$(SRCROOT)/../../JuceLibraryCode",
					"/Users/sethgory/JUCE/modules",
					"/Users/sethgory/JUCE/modules/juce_audio_plugin_client",
					"$(inherited)",
				);
				INFOPLIST_FILE = Info-Standalone_Plugin.plist;
				INFOPLIST_PREPROCESS = NO;
				MACOSX_DEPLOYMENT_TARGET = 10.11;
				MTL_HEADER_SEARCH_PATHS = (
					"/Users/sethgory/JUCE/modules/juce_audio_processors/format_types/VST3_SDK",
					"$(SRCROOT)/../../JuceLibraryCode",
					"/Users/sethgory/JUCE/modules",
					"/Users/sethgory/JUCE/modules/juce_audio_plugin_client",
				);
				OTHER_LDFLAGS = "-lModalExplorerVST";
				PRODUCT_BUNDLE_IDENTIFIER = com.yourcompany.ModalExplorerVST;
				PRODUCT_NAME = "ModalExplorerVST";
				USE_HEADERMAP = NO;
				VALID_ARCHS = "i386 x86_64 arm64 arm64e";
			};
			name = Debug;
		};
		218478D2034192DED8843E81 = {
			isa = XCBuildConfiguration;
			buildSettings = {
				CLANG_CXX_LANGUAGE_STANDARD = "c++14";
				CLANG_CXX_LIBRARY = "libc++";
				CLANG_LINK_OBJC_RUNTIME = NO;
				CODE_SIGN_IDENTITY = "";
				COMBINE_HIDPI_IMAGES = YES;
				CONFIGURATION_BUILD_DIR = "$(PROJECT_DIR)/build/$(CONFIGURATION)";
				DEAD_CODE_STRIPPING = YES;
				GCC_GENERATE_DEBUGGING_SYMBOLS = NO;
				GCC_OPTIMIZATION_LEVEL = 3;
				GCC_PREPROCESSOR_DEFINITIONS = (
					"_NDEBUG=1",
					"NDEBUG=1",
					"JUCE_DISPLAY_SPLASH_SCREEN=1",
					"JUCE_USE_DARK_SPLASH_SCREEN=1",
					"JUCE_PROJUCER_VERSION=0x60007",
					"JUCE_MODULE_AVAILABLE_juce_audio_basics=1",
					"JUCE_MODULE_AVAILABLE_juce_audio_devices=1",
					"JUCE_MODULE_AVAILABLE_juce_audio_formats=1",
					"JUCE_MODULE_AVAILABLE_juce_audio_plugin_client=1",
					"JUCE_MODULE_AVAILABLE_juce_audio_processors=1",
					"JUCE_MODULE_AVAILABLE_juce_audio_utils=1",
					"JUCE_MODULE_AVAILABLE_juce_core=1",
					"JUCE_MODULE_AVAILABLE_juce_data_structures=1",
					"JUCE_MODULE_AVAILABLE_juce_events=1",
					"JUCE_MODULE_AVAILABLE_juce_graphics=1",
					"JUCE_MODULE_AVAILABLE_juce_gui_basics=1",
					"JUCE_MODULE_AVAILABLE_juce_gui_extra=1",
					"JUCE_GLOBAL_MODULE_SETTINGS_INCLUDED=1",
					"JUCE_VST3_CAN_REPLACE_VST2=0",
					"JUCE_STRICT_REFCOUNTEDPOINTER=1",
					"JucePlugin_Build_VST=0",
					"JucePlugin_Build_VST3=0",
					"JucePlugin_Build_AU=0",
					"JucePlugin_Build_AUv3=0",
					"JucePlugin_Build_RTAS=0",
					"JucePlugin_Build_AAX=0",
					"JucePlugin_Build_Standalone=1",
					"JucePlugin_Build_Unity=0",
					"JucePlugin_Enable_IAA=0",
					"JucePlugin_Name=\\\"ModalExplorerVST\\\"",
					"JucePlugin_Desc=\\\"ModalExplorerVST\\\"",
					"JucePlugin_Manufacturer=\\\"yourcompany\\\"",
					"JucePlugin_ManufacturerWebsite=\\\"\\\"",
					"JucePlugin_ManufacturerEmail=\\\"\\\"",
					"JucePlugin_ManufacturerCode=0x4d616e75",
					"JucePlugin_PluginCode=0x426e3066",
					"JucePlugin_IsSynth=0",
					"JucePlugin_WantsMidiInput=0",
					"JucePlugin_ProducesMidiOutput=0",
					"JucePlugin_IsMidiEffect=0",
					"JucePlugin_EditorRequiresKeyboardFocus=0",
					"JucePlugin_Version=1.0.0",
					"JucePlugin_VersionCode=0x10000",
					"JucePlugin_VersionString=\\\"1.0.0\\\"",
					"JucePlugin_VSTUniqueID=JucePlugin_PluginCode",
					"JucePlugin_VSTCategory=kPlugCategEffect",
					"JucePlugin_Vst3Category=\\\"Fx\\\"",
					"JucePlugin_AUMainType='aufx'",
					"JucePlugin_AUSubType=JucePlugin_PluginCode",
					"JucePlugin_AUExportPrefix=ModalExplorerVSTAU",
					"JucePlugin_AUExportPrefixQuoted=\\\"ModalExplorerVSTAU\\\"",
					"JucePlugin_AUManufacturerCode=JucePlugin_ManufacturerCode",
					"JucePlugin_CFBundleIdentifier=com.yourcompany.ModalExplorerVST",
					"JucePlugin_RTASCategory=0",
					"JucePlugin_RTASManufacturerCode=JucePlugin_ManufacturerCode",
					"JucePlugin_RTASProductId=JucePlugin_PluginCode",
					"JucePlugin_RTASDisableBypass=0",
					"JucePlugin_RTASDisableMultiMono=0",
					"JucePlugin_AAXIdentifier=com.yourcompany.ModalExplorerVST",
					"JucePlugin_AAXManufacturerCode=JucePlugin_ManufacturerCode",
					"JucePlugin_AAXProductId=JucePlugin_PluginCode",
					"JucePlugin_AAXCategory=0",
					"JucePlugin_AAXDisableBypass=0",
					"JucePlugin_AAXDisableMultiMono=0",
					"JucePlugin_IAAType=0x61757278",
					"JucePlugin_IAASubType=JucePlugin_PluginCode",
					"JucePlugin_IAAName=\\\"yourcompany:\\ ModalExplorerVST\\\"",
					"JucePlugin_VSTNumMidiInputs=16",
					"JucePlugin_VSTNumMidiOutputs=16",
					"JUCE_STANDALONE_APPLICATION=JucePlugin_Build_Standalone",
					"JUCER_XCODE_MAC_F6D2F4CF=1",
					"JUCE_APP_VERSION=1.0.0",
					"JUCE_APP_VERSION_HEX=0x10000",
				);
				GCC_VERSION = com.apple.compilers.llvm.clang.1_0;
				HEADER_SEARCH_PATHS = (
					"/Users/sethgory/JUCE/modules/juce_audio_processors/format_types/VST3_SDK",
					"$(SRCROOT)/../../JuceLibraryCode",
					"/Users/sethgory/JUCE/modules",
					"/Users/sethgory/JUCE/modules/juce_audio_plugin_client",
					"$(inherited)",
				);
				INFOPLIST_FILE = Info-Standalone_Plugin.plist;
				INFOPLIST_PREPROCESS = NO;
				LLVM_LTO = YES;
				MACOSX_DEPLOYMENT_TARGET = 10.11;
				MTL_HEADER_SEARCH_PATHS = (
					"/Users/sethgory/JUCE/modules/juce_audio_processors/format_types/VST3_SDK",
					"$(SRCROOT)/../../JuceLibraryCode",
					"/Users/sethgory/JUCE/modules",
					"/Users/sethgory/JUCE/modules/juce_audio_plugin_client",
				);
				OTHER_LDFLAGS = "-lModalExplorerVST";
				PRODUCT_BUNDLE_IDENTIFIER = com.yourcompany.ModalExplorerVST;
				PRODUCT_NAME = "ModalExplorerVST";
				USE_HEADERMAP = NO;
				VALID_ARCHS = "i386 x86_64 arm64 arm64e";
			};
			name = Release;
		};
		0DE592A1725BEB4DB0A21106 = {
			isa = XCBuildConfiguration;
			buildSettings = {
				CLANG_CXX_LANGUAGE_STANDARD = "c++14";
				CLANG_CXX_LIBRARY = "libc++";
				CLANG_LINK_OBJC_RUNTIME = NO;
				CODE_SIGN_IDENTITY = "";
				COMBINE_HIDPI_IMAGES = YES;
				CONFIGURATION_BUILD_DIR = "$(PROJECT_DIR)/build/$(CONFIGURATION)";
				COPY_PHASE_STRIP = NO;
				GCC_DYNAMIC_NO_PIC = NO;
				GCC_OPTIMIZATION_LEVEL = 0;
				GCC_PREPROCESSOR_DEFINITIONS = (
					"_DEBUG=1",
					"DEBUG=1",
					"JUCE_DISPLAY_SPLASH_SCREEN=1",
					"JUCE_USE_DARK_SPLASH_SCREEN=1",
					"JUCE_PROJUCER_VERSION=0x60007",
					"JUCE_MODULE_AVAILABLE_juce_audio_basics=1",
					"JUCE_MODULE_AVAILABLE_juce_audio_devices=1",
					"JUCE_MODULE_AVAILABLE_juce_audio_formats=1",
					"JUCE_MODULE_AVAILABLE_juce_audio_plugin_client=1",
					"JUCE_MODULE_AVAILABLE_juce_audio_processors=1",
					"JUCE_MODULE_AVAILABLE_juce_audio_utils=1",
					"JUCE_MODULE_AVAILABLE_juce_core=1",
					"JUCE_MODULE_AVAILABLE_juce_data_structures=1",
					"JUCE_MODULE_AVAILABLE_juce_events=1",
					"JUCE_MODULE_AVAILABLE_juce_graphics=1",
					"JUCE_MODULE_AVAILABLE_juce_gui_basics=1",
					"JUCE_MODULE_AVAILABLE_juce_gui_extra=1",
					"JUCE_GLOBAL_MODULE_SETTINGS_INCLUDED=1",
					"JUCE_VST3_CAN_REPLACE_VST2=0",
					"JUCE_STRICT_REFCOUNTEDPOINTER=1",
					"JucePlugin_Build_VST=0",
					"JucePlugin_Build_VST3=1",
					"JucePlugin_Build_AU=1",
					"JucePlugin_Build_AUv3=0",
					"JucePlugin_Build_RTAS=0",
					"JucePlugin_Build_AAX=0",
					"JucePlugin_Build_Standalone=1",
					"JucePlugin_Build_Unity=0",
					"JucePlugin_Enable_IAA=0",
					"JucePlugin_Name=\\\"ModalExplorerVST\\\"",
					"JucePlugin_Desc=\\\"ModalExplorerVST\\\"",
					"JucePlugin_Manufacturer=\\\"yourcompany\\\"",
					"JucePlugin_ManufacturerWebsite=\\\"\\\"",
					"JucePlugin_ManufacturerEmail=\\\"\\\"",
					"JucePlugin_ManufacturerCode=0x4d616e75",
					"JucePlugin_PluginCode=0x426e3066",
					"JucePlugin_IsSynth=0",
					"JucePlugin_WantsMidiInput=0",
					"JucePlugin_ProducesMidiOutput=0",
					"JucePlugin_IsMidiEffect=0",
					"JucePlugin_EditorRequiresKeyboardFocus=0",
					"JucePlugin_Version=1.0.0",
					"JucePlugin_VersionCode=0x10000",
					"JucePlugin_VersionString=\\\"1.0.0\\\"",
					"JucePlugin_VSTUniqueID=JucePlugin_PluginCode",
					"JucePlugin_VSTCategory=kPlugCategEffect",
					"JucePlugin_Vst3Category=\\\"Fx\\\"",
					"JucePlugin_AUMainType='aufx'",
					"JucePlugin_AUSubType=JucePlugin_PluginCode",
					"JucePlugin_AUExportPrefix=ModalExplorerVSTAU",
					"JucePlugin_AUExportPrefixQuoted=\\\"ModalExplorerVSTAU\\\"",
					"JucePlugin_AUManufacturerCode=JucePlugin_ManufacturerCode",
					"JucePlugin_CFBundleIdentifier=com.yourcompany.ModalExplorerVST",
					"JucePlugin_RTASCategory=0",
					"JucePlugin_RTASManufacturerCode=JucePlugin_ManufacturerCode",
					"JucePlugin_RTASProductId=JucePlugin_PluginCode",
					"JucePlugin_RTASDisableBypass=0",
					"JucePlugin_RTASDisableMultiMono=0",
					"JucePlugin_AAXIdentifier=com.yourcompany.ModalExplorerVST",
					"JucePlugin_AAXManufacturerCode=JucePlugin_ManufacturerCode",
					"JucePlugin_AAXProductId=JucePlugin_PluginCode",
					"JucePlugin_AAXCategory=0",
					"JucePlugin_AAXDisableBypass=0",
					"JucePlugin_AAXDisableMultiMono=0",
					"JucePlugin_IAAType=0x61757278",
					"JucePlugin_IAASubType=JucePlugin_PluginCode",
					"JucePlugin_IAAName=\\\"yourcompany:\\ ModalExplorerVST\\\"",
					"JucePlugin_VSTNumMidiInputs=16",
					"JucePlugin_VSTNumMidiOutputs=16",
					"JUCE_STANDALONE_APPLICATION=JucePlugin_Build_Standalone",
					"JUCER_XCODE_MAC_F6D2F4CF=1",
					"JUCE_APP_VERSION=1.0.0",
					"JUCE_APP_VERSION_HEX=0x10000",
					"JUCE_SHARED_CODE=1",
				);
				GCC_VERSION = com.apple.compilers.llvm.clang.1_0;
				HEADER_SEARCH_PATHS = (
					"/Users/sethgory/JUCE/modules/juce_audio_processors/format_types/VST3_SDK",
					"$(SRCROOT)/../../JuceLibraryCode",
					"/Users/sethgory/JUCE/modules",
					"/Users/sethgory/JUCE/modules/juce_audio_plugin_client",
					"$(inherited)",
				);
				INSTALL_PATH = "@executable_path/../Frameworks";
				MACOSX_DEPLOYMENT_TARGET = 10.11;
				MTL_HEADER_SEARCH_PATHS = (
					"/Users/sethgory/JUCE/modules/juce_audio_processors/format_types/VST3_SDK",
					"$(SRCROOT)/../../JuceLibraryCode",
					"/Users/sethgory/JUCE/modules",
					"/Users/sethgory/JUCE/modules/juce_audio_plugin_client",
				);
				PRODUCT_BUNDLE_IDENTIFIER = com.yourcompany.ModalExplorerVST;
				PRODUCT_NAME = "ModalExplorerVST";
				SKIP_INSTALL = YES;
				USE_HEADERMAP = NO;
				VALID_ARCHS = "i386 x86_64 arm64 arm64e";
			};
			name = Debug;
		};
		255B8910C805CBB79E8F48D3 = {
			isa = XCBuildConfiguration;
			buildSettings = {
				CLANG_CXX_LANGUAGE_STANDARD = "c++14";
				CLANG_CXX_LIBRARY = "libc++";
				CLANG_LINK_OBJC_RUNTIME = NO;
				CODE_SIGN_IDENTITY = "";
				COMBINE_HIDPI_IMAGES = YES;
				CONFIGURATION_BUILD_DIR = "$(PROJECT_DIR)/build/$(CONFIGURATION)";
				DEAD_CODE_STRIPPING = YES;
				GCC_GENERATE_DEBUGGING_SYMBOLS = NO;
				GCC_OPTIMIZATION_LEVEL = 3;
				GCC_PREPROCESSOR_DEFINITIONS = (
					"_NDEBUG=1",
					"NDEBUG=1",
					"JUCE_DISPLAY_SPLASH_SCREEN=1",
					"JUCE_USE_DARK_SPLASH_SCREEN=1",
					"JUCE_PROJUCER_VERSION=0x60007",
					"JUCE_MODULE_AVAILABLE_juce_audio_basics=1",
					"JUCE_MODULE_AVAILABLE_juce_audio_devices=1",
					"JUCE_MODULE_AVAILABLE_juce_audio_formats=1",
					"JUCE_MODULE_AVAILABLE_juce_audio_plugin_client=1",
					"JUCE_MODULE_AVAILABLE_juce_audio_processors=1",
					"JUCE_MODULE_AVAILABLE_juce_audio_utils=1",
					"JUCE_MODULE_AVAILABLE_juce_core=1",
					"JUCE_MODULE_AVAILABLE_juce_data_structures=1",
					"JUCE_MODULE_AVAILABLE_juce_events=1",
					"JUCE_MODULE_AVAILABLE_juce_graphics=1",
					"JUCE_MODULE_AVAILABLE_juce_gui_basics=1",
					"JUCE_MODULE_AVAILABLE_juce_gui_extra=1",
					"JUCE_GLOBAL_MODULE_SETTINGS_INCLUDED=1",
					"JUCE_VST3_CAN_REPLACE_VST2=0",
					"JUCE_STRICT_REFCOUNTEDPOINTER=1",
					"JucePlugin_Build_VST=0",
					"JucePlugin_Build_VST3=1",
					"JucePlugin_Build_AU=1",
					"JucePlugin_Build_AUv3=0",
					"JucePlugin_Build_RTAS=0",
					"JucePlugin_Build_AAX=0",
					"JucePlugin_Build_Standalone=1",
					"JucePlugin_Build_Unity=0",
					"JucePlugin_Enable_IAA=0",
					"JucePlugin_Name=\\\"ModalExplorerVST\\\"",
					"JucePlugin_Desc=\\\"ModalExplorerVST\\\"",
					"JucePlugin_Manufacturer=\\\"yourcompany\\\"",
					"JucePlugin_ManufacturerWebsite=\\\"\\\"",
					"JucePlugin_ManufacturerEmail=\\\"\\\"",
					"JucePlugin_ManufacturerCode=0x4d616e75",
					"JucePlugin_PluginCode=0x426e3066",
					"JucePlugin_IsSynth=0",
					"JucePlugin_WantsMidiInput=0",
					"JucePlugin_ProducesMidiOutput=0",
					"JucePlugin_IsMidiEffect=0",
					"JucePlugin_EditorRequiresKeyboardFocus=0",
					"JucePlugin_Version=1.0.0",
					"JucePlugin_VersionCode=0x10000",
					"JucePlugin_VersionString=\\\"1.0.0\\\"",
					"JucePlugin_VSTUniqueID=JucePlugin_PluginCode",
					"JucePlugin_VSTCategory=kPlugCategEffect",
					"JucePlugin_Vst3Category=\\\"Fx\\\"",
					"JucePlugin_AUMainType='aufx'",
					"JucePlugin_AUSubType=JucePlugin_PluginCode",
					"JucePlugin_AUExportPrefix=ModalExplorerVSTAU",
					"JucePlugin_AUExportPrefixQuoted=\\\"ModalExplorerVSTAU\\\"",
					"JucePlugin_AUManufacturerCode=JucePlugin_ManufacturerCode",
					"JucePlugin_CFBundleIdentifier=com.yourcompany.ModalExplorerVST",
					"JucePlugin_RTASCategory=0",
					"JucePlugin_RTASManufacturerCode=JucePlugin_ManufacturerCode",
					"JucePlugin_RTASProductId=JucePlugin_PluginCode",
					"JucePlugin_RTASDisableBypass=0",
					"JucePlugin_RTASDisableMultiMono=0",
					"JucePlugin_AAXIdentifier=com.yourcompany.ModalExplorerVST",
					"JucePlugin_AAXManufacturerCode=JucePlugin_ManufacturerCode",
					"JucePlugin_AAXProductId=JucePlugin_PluginCode",
					"JucePlugin_AAXCategory=0",
					"JucePlugin_AAXDisableBypass=0",
					"JucePlugin_AAXDisableMultiMono=0",
					"JucePlugin_IAAType=0x61757278",
					"JucePlugin_IAASubType=JucePlugin_PluginCode",
					"JucePlugin_IAAName=\\\"yourcompany:\\ ModalExplorerVST\\\"",
					"JucePlugin_VSTNumMidiInputs=16",
					"JucePlugin_VSTNumMidiOutputs=16",
					"JUCE_STANDALONE_APPLICATION=JucePlugin_Build_Standalone",
					"JUCER_XCODE_MAC_F6D2F4CF=1",
					"JUCE_APP_VERSION=1.0.0",
					"JUCE_APP_VERSION_HEX=0x10000",
					"JUCE_SHARED_CODE=1",
				);
				GCC_VERSION = com.apple.compilers.llvm.clang.1_0;
				HEADER_SEARCH_PATHS = (
					"/Users/sethgory/JUCE/modules/juce_audio_processors/format_types/VST3_SDK",
					"$(SRCROOT)/../../JuceLibraryCode",
					"/Users/sethgory/JUCE/modules",
					"/Users/sethgory/JUCE/modules/juce_audio_plugin_client",
					"$(inherited)",
				);
				INSTALL_PATH = "@executable_path/../Frameworks";
				LLVM_LTO = YES;
				MACOSX_DEPLOYMENT_TARGET = 10.11;
				MTL_HEADER_SEARCH_PATHS = (
					"/Users/sethgory/JUCE/modules/juce_audio_processors/format_types/VST3_SDK",
					"$(SRCROOT)/../../JuceLibraryCode",
					"/Users/sethgory/JUCE/modules",
					"/Users/sethgory/JUCE/modules/juce_audio_plugin_client",
				);
				PRODUCT_BUNDLE_IDENTIFIER = com.yourcompany.ModalExplorerVST;
				PRODUCT_NAME = "ModalExplorerVST";
				SKIP_INSTALL = YES;
				USE_HEADERMAP = NO;
				VALID_ARCHS = "i386 x86_64 arm64 arm64e";
			};
			name = Release;
		};
		F76B6DE5DB78FC4D9193E90B = {
			isa = XCBuildConfiguration;
			buildSettings = {
				ALWAYS_SEARCH_USER_PATHS = NO;
				CLANG_ENABLE_OBJC_WEAK = YES;
				CLANG_WARN_BLOCK_CAPTURE_AUTORELEASING = YES;
				CLANG_WARN_BOOL_CONVERSION = YES;
				CLANG_WARN_COMMA = YES;
				CLANG_WARN_CONSTANT_CONVERSION = YES;
				CLANG_WARN_DEPRECATED_OBJC_IMPLEMENTATIONS = YES;
				CLANG_WARN_EMPTY_BODY = YES;
				CLANG_WARN_ENUM_CONVERSION = YES;
				CLANG_WARN_INFINITE_RECURSION = YES;
				CLANG_WARN_INT_CONVERSION = YES;
				CLANG_WARN_NON_LITERAL_NULL_CONVERSION = YES;
				CLANG_WARN_OBJC_IMPLICIT_RETAIN_SELF = YES;
				CLANG_WARN_OBJC_LITERAL_CONVERSION = YES;
				CLANG_WARN_RANGE_LOOP_ANALYSIS = YES;
				CLANG_WARN_STRICT_PROTOTYPES = YES;
				CLANG_WARN_SUSPICIOUS_MOVE = YES;
				CLANG_WARN_UNREACHABLE_CODE = YES;
				CLANG_WARN__DUPLICATE_METHOD_MATCH = YES;
				CODE_SIGN_IDENTITY = "";
				DEBUG_INFORMATION_FORMAT = dwarf;
				ENABLE_STRICT_OBJC_MSGSEND = YES;
				ENABLE_TESTABILITY = NO;
				GCC_C_LANGUAGE_STANDARD = c11;
				GCC_INLINES_ARE_PRIVATE_EXTERN = YES;
				GCC_MODEL_TUNING = G5;
				GCC_NO_COMMON_BLOCKS = YES;
				GCC_SYMBOLS_PRIVATE_EXTERN = YES;
				GCC_WARN_64_TO_32_BIT_CONVERSION = YES;
				GCC_WARN_ABOUT_RETURN_TYPE = YES;
				GCC_WARN_CHECK_SWITCH_STATEMENTS = YES;
				GCC_WARN_MISSING_PARENTHESES = YES;
				GCC_WARN_NON_VIRTUAL_DESTRUCTOR = YES;
				GCC_WARN_TYPECHECK_CALLS_TO_PRINTF = YES;
				GCC_WARN_UNDECLARED_SELECTOR = YES;
				GCC_WARN_UNINITIALIZED_AUTOS = YES;
				GCC_WARN_UNUSED_FUNCTION = YES;
				GCC_WARN_UNUSED_VARIABLE = YES;
				ONLY_ACTIVE_ARCH = YES;
				PRODUCT_NAME = "ModalExplorerVST";
				SDKROOT = macosx;
				WARNING_CFLAGS = "-Wreorder";
				ZERO_LINK = NO;
			};
			name = Debug;
		};
		386557D1C7124338F304E1E5 = {
			isa = XCBuildConfiguration;
			buildSettings = {
				ALWAYS_SEARCH_USER_PATHS = NO;
				CLANG_ENABLE_OBJC_WEAK = YES;
				CLANG_WARN_BLOCK_CAPTURE_AUTORELEASING = YES;
				CLANG_WARN_BOOL_CONVERSION = YES;
				CLANG_WARN_COMMA = YES;
				CLANG_WARN_CONSTANT_CONVERSION = YES;
				CLANG_WARN_DEPRECATED_OBJC_IMPLEMENTATIONS = YES;
				CLANG_WARN_EMPTY_BODY = YES;
				CLANG_WARN_ENUM_CONVERSION = YES;
				CLANG_WARN_INFINITE_RECURSION = YES;
				CLANG_WARN_INT_CONVERSION = YES;
				CLANG_WARN_NON_LITERAL_NULL_CONVERSION = YES;
				CLANG_WARN_OBJC_IMPLICIT_RETAIN_SELF = YES;
				CLANG_WARN_OBJC_LITERAL_CONVERSION = YES;
				CLANG_WARN_RANGE_LOOP_ANALYSIS = YES;
				CLANG_WARN_STRICT_PROTOTYPES = YES;
				CLANG_WARN_SUSPICIOUS_MOVE = YES;
				CLANG_WARN_UNREACHABLE_CODE = YES;
				CLANG_WARN__DUPLICATE_METHOD_MATCH = YES;
				CODE_SIGN_IDENTITY = "";
				DEBUG_INFORMATION_FORMAT = dwarf;
				ENABLE_STRICT_OBJC_MSGSEND = YES;
				ENABLE_TESTABILITY = NO;
				GCC_C_LANGUAGE_STANDARD = c11;
				GCC_INLINES_ARE_PRIVATE_EXTERN = YES;
				GCC_MODEL_TUNING = G5;
				GCC_NO_COMMON_BLOCKS = YES;
				GCC_SYMBOLS_PRIVATE_EXTERN = YES;
				GCC_WARN_64_TO_32_BIT_CONVERSION = YES;
				GCC_WARN_ABOUT_RETURN_TYPE = YES;
				GCC_WARN_CHECK_SWITCH_STATEMENTS = YES;
				GCC_WARN_MISSING_PARENTHESES = YES;
				GCC_WARN_NON_VIRTUAL_DESTRUCTOR = YES;
				GCC_WARN_TYPECHECK_CALLS_TO_PRINTF = YES;
				GCC_WARN_UNDECLARED_SELECTOR = YES;
				GCC_WARN_UNINITIALIZED_AUTOS = YES;
				GCC_WARN_UNUSED_FUNCTION = YES;
				GCC_WARN_UNUSED_VARIABLE = YES;
				PRODUCT_NAME = "ModalExplorerVST";
				SDKROOT = macosx;
				WARNING_CFLAGS = "-Wreorder";
				ZERO_LINK = NO;
			};
			name = Release;
		};
		327FA4C9C0F7F1D013966279 = {
			isa = XCConfigurationList;
			buildConfigurations = (
				F76B6DE5DB78FC4D9193E90B,
				386557D1C7124338F304E1E5,
			);
			defaultConfigurationIsVisible = 0;
			defaultConfigurationName = Debug;
		};
		4FB3AD1830358E5ACBFEEC7D = {
			isa = XCConfigurationList;
			buildConfigurations = (
				87FA173A04366C11F9B4CE87,
				F2280EC731E400E4D71BBB08,
			);
			defaultConfigurationIsVisible = 0;
			defaultConfigurationName = Debug;
		};
		4E976D3EF20E584EB8C9DE54 = {
			isa = PBXAggregateTarget;
			buildConfigurationList = 4FB3AD1830358E5ACBFEEC7D;
			buildPhases = ( );
			buildRules = ( );
			dependencies = (
				90C44E62C2F98B3E6581DBED,
				116BF39FC0DF87CDE9DD58D2,
				49211497310E58E35A97BD9C,
				C9D73F68B1FF12825AA4C13A,
			);
			name = "ModalExplorerVST - All";
			productName = ModalExplorerVST;
		};
		3A2F8429BB8C29123E82972F = {
			isa = XCConfigurationList;
			buildConfigurations = (
				387A7ED41DD9B93484F50AC6,
				AA0FF4BFD4C25BFAB2478B39,
			);
			defaultConfigurationIsVisible = 0;
			defaultConfigurationName = Debug;
		};
		89DEB5C12C5061E0A414BEC9 = {
			isa = PBXResourcesBuildPhase;
			buildActionMask = 2147483647;
			files = (
				C34B8EAE57BF278C05E3130D,
			);
			runOnlyForDeploymentPostprocessing = 0;
		};
		2AEE4A1446EAB2265444BAD0 = {
			isa = PBXSourcesBuildPhase;
			buildActionMask = 2147483647;
			files = (
				1A2572B6BFE7F70377DDDC2D,
			);
			runOnlyForDeploymentPostprocessing = 0;
		};
		4579E2F0CDB033A87D6D41AE = {
			isa = PBXFrameworksBuildPhase;
			buildActionMask = 2147483647;
			files = (
				2CD35960A0E03F6399A32354,
				B23C8F13D6F5769A7582E4B3,
				CAD33BB85DC8FB2861F729FE,
				9C7FE8FB82DF76EEC3297338,
				21C45CDF7E62BFD819A34E2C,
				D102E40F44077CF3E5160201,
				C7D64D1BD0B4C59C9528693B,
				FA71EA03532FD243DC7B62E5,
				8308163D422D7BC574B025BE,
				D871FABF3EF225B08664C98D,
				CE6C1722E2EB75AD8B83A07A,
				85F4E498BA711F1D2AB7284A,
			);
			runOnlyForDeploymentPostprocessing = 0;
		};
		99572D805BCCC058F2DAEBE7 = {
			isa = PBXNativeTarget;
			buildConfigurationList = 3A2F8429BB8C29123E82972F;
			buildPhases = (
				89DEB5C12C5061E0A414BEC9,
				2AEE4A1446EAB2265444BAD0,
				4579E2F0CDB033A87D6D41AE,
			);
			buildRules = ( );
			dependencies = (
				93254B9BFB8745CE2613DE2E,
			);
			name = "ModalExplorerVST - VST3";
			productName = ModalExplorerVST;
			productReference = C9DAD26DB3FE207ECBD6E28B;
			productType = "com.apple.product-type.bundle";
		};
		F9E55D492B762CB42D917D2C = {
			isa = XCConfigurationList;
			buildConfigurations = (
				D09325E170457115480F8A19,
				56AFF6B043E7EEF264DD283D,
			);
			defaultConfigurationIsVisible = 0;
			defaultConfigurationName = Debug;
		};
		DC6530DD7C298DC591EACF1A = {
			isa = PBXResourcesBuildPhase;
			buildActionMask = 2147483647;
			files = (
				C34B8EAE57BF278C05E3130D,
			);
			runOnlyForDeploymentPostprocessing = 0;
		};
		3F424B328BC0517E34035E44 = {
			isa = PBXRezBuildPhase;
			buildActionMask = 2147483647;
			files = (
				8EDA20576F64726B0CD0CAEA,
			);
			runOnlyForDeploymentPostprocessing = 0;
		};
		6A168D5D2661F9B03D2FEB69 = {
			isa = PBXSourcesBuildPhase;
			buildActionMask = 2147483647;
			files = (
				386B4E88A797C4EEF2AB0069,
				26A97EC82999A8993968F43B,
			);
			runOnlyForDeploymentPostprocessing = 0;
		};
		E534216BFD319B36A99D0EBF = {
			isa = PBXFrameworksBuildPhase;
			buildActionMask = 2147483647;
			files = (
				BC6ED9FF6B004A448447D262,
				2CD35960A0E03F6399A32354,
				B23C8F13D6F5769A7582E4B3,
				CAD33BB85DC8FB2861F729FE,
				9C7FE8FB82DF76EEC3297338,
				21C45CDF7E62BFD819A34E2C,
				D102E40F44077CF3E5160201,
				C7D64D1BD0B4C59C9528693B,
				FA71EA03532FD243DC7B62E5,
				8308163D422D7BC574B025BE,
				D871FABF3EF225B08664C98D,
				CE6C1722E2EB75AD8B83A07A,
				85F4E498BA711F1D2AB7284A,
			);
			runOnlyForDeploymentPostprocessing = 0;
		};
		808F810053259CBE2F59D033 = {
			isa = PBXNativeTarget;
			buildConfigurationList = F9E55D492B762CB42D917D2C;
			buildPhases = (
				DC6530DD7C298DC591EACF1A,
				3F424B328BC0517E34035E44,
				6A168D5D2661F9B03D2FEB69,
				E534216BFD319B36A99D0EBF,
			);
			buildRules = ( );
			dependencies = (
				F64A21D7264EDB68A8E8D402,
			);
			name = "ModalExplorerVST - AU";
			productName = ModalExplorerVST;
			productReference = 8E9208B1B03567CC6522913D;
			productType = "com.apple.product-type.bundle";
		};
		55DB39DB33DFE5ACDA5137BF = {
			isa = XCConfigurationList;
			buildConfigurations = (
				E0BB9C101F6F2801BD42AF58,
				218478D2034192DED8843E81,
			);
			defaultConfigurationIsVisible = 0;
			defaultConfigurationName = Debug;
		};
		C777C790683342C7CCFE8AC0 = {
			isa = PBXResourcesBuildPhase;
			buildActionMask = 2147483647;
			files = (
				C34B8EAE57BF278C05E3130D,
			);
			runOnlyForDeploymentPostprocessing = 0;
		};
		23FD5430B1098DB7B55B4996 = {
			isa = PBXSourcesBuildPhase;
			buildActionMask = 2147483647;
			files = (
				36209F2AACE04207289D29B7,
			);
			runOnlyForDeploymentPostprocessing = 0;
		};
		EC3CFB24F577EF1B866C3886 = {
			isa = PBXFrameworksBuildPhase;
			buildActionMask = 2147483647;
			files = (
				2CD35960A0E03F6399A32354,
				B23C8F13D6F5769A7582E4B3,
				CAD33BB85DC8FB2861F729FE,
				9C7FE8FB82DF76EEC3297338,
				21C45CDF7E62BFD819A34E2C,
				D102E40F44077CF3E5160201,
				C7D64D1BD0B4C59C9528693B,
				FA71EA03532FD243DC7B62E5,
				8308163D422D7BC574B025BE,
				D871FABF3EF225B08664C98D,
				CE6C1722E2EB75AD8B83A07A,
				85F4E498BA711F1D2AB7284A,
			);
			runOnlyForDeploymentPostprocessing = 0;
		};
		0171059B2FD81A1713D289EF = {
			isa = PBXNativeTarget;
			buildConfigurationList = 55DB39DB33DFE5ACDA5137BF;
			buildPhases = (
				C777C790683342C7CCFE8AC0,
				23FD5430B1098DB7B55B4996,
				EC3CFB24F577EF1B866C3886,
			);
			buildRules = ( );
			dependencies = (
				76F7D41983E9BA0EA2C8B875,
			);
			name = "ModalExplorerVST - Standalone Plugin";
			productName = ModalExplorerVST;
			productReference = 1035A923AF9996191086C874;
			productType = "com.apple.product-type.application";
		};
		3C5F292BC0CF2F2A0A78B3AC = {
			isa = XCConfigurationList;
			buildConfigurations = (
				0DE592A1725BEB4DB0A21106,
				255B8910C805CBB79E8F48D3,
			);
			defaultConfigurationIsVisible = 0;
			defaultConfigurationName = Debug;
		};
		27B90DE01A0CECEF27D9566A = {
			isa = PBXSourcesBuildPhase;
			buildActionMask = 2147483647;
			files = (
				09A9969329860ED38E700DF0,
				01AF99B9077B2270D939BA3C,
				AE2CA2A46B29F3376DD7DD90,
				2702C3D1E52D600FA8FC7240,
				81F5668815A94941E137432C,
				404F5E197058712FDE9132D6,
				1193BDC30EAF698A6B0F2CE0,
				C94C9503E6DF9FB5B5EB8CA4,
				A5F830B165F061E1B566EEBB,
				2B9A79AB08D6EAAC10AD033F,
				2E765F47FB64E051C4B2817B,
				FE93F7568516D519AB4E655B,
				34C3D55C82FC1859A6FA616C,
				539D56D1FC754A1F1F1AEBEA,
				F9FDADB86CCDF3F27FAD9C0E,
				C95BD5F0DD151E370F783A8A,
				7F24850D668804516FC2D923,
				19BD55E138774F6581024640,
				978E0C08F67814BBC4155E1F,
				96ACE5BBB2CE2D32D302C765,
				2A1D98E0C1693C35660A6F7B,
				96776FA44E3751FA6C8B3419,
				61D3DE5756C22B1FD51F82BD,
			);
			runOnlyForDeploymentPostprocessing = 0;
		};
		6B0E9033F9E2FD458C0D6424 = {
			isa = PBXNativeTarget;
			buildConfigurationList = 3C5F292BC0CF2F2A0A78B3AC;
			buildPhases = (
				27B90DE01A0CECEF27D9566A,
			);
			buildRules = ( );
			dependencies = ( );
			name = "ModalExplorerVST - Shared Code";
			productName = ModalExplorerVST;
			productReference = A76AC6A5C2DDA8174C5279B5;
			productType = "com.apple.product-type.library.static";
		};
		8FE633DDAE852C51B66874C8 = {
			isa = PBXProject;
			buildConfigurationList = 327FA4C9C0F7F1D013966279;
			attributes = { LastUpgradeCheck = 1230; ORGANIZATIONNAME = ""; TargetAttributes = { 4E976D3EF20E584EB8C9DE54 = { SystemCapabilities = {com.apple.ApplicationGroups.iOS = { enabled = 0; }; com.apple.InAppPurchase = { enabled = 0; }; com.apple.InterAppAudio = { enabled = 0; }; com.apple.Push = { enabled = 0; }; com.apple.Sandbox = { enabled = 0; }; com.apple.HardenedRuntime = { enabled = 0; }; }; };99572D805BCCC058F2DAEBE7 = { SystemCapabilities = {com.apple.ApplicationGroups.iOS = { enabled = 0; }; com.apple.InAppPurchase = { enabled = 0; }; com.apple.InterAppAudio = { enabled = 0; }; com.apple.Push = { enabled = 0; }; com.apple.Sandbox = { enabled = 0; }; com.apple.HardenedRuntime = { enabled = 0; }; }; };808F810053259CBE2F59D033 = { SystemCapabilities = {com.apple.ApplicationGroups.iOS = { enabled = 0; }; com.apple.InAppPurchase = { enabled = 0; }; com.apple.InterAppAudio = { enabled = 0; }; com.apple.Push = { enabled = 0; }; com.apple.Sandbox = { enabled = 0; }; com.apple.HardenedRuntime = { enabled = 0; }; }; };0171059B2FD81A1713D289EF = { SystemCapabilities = {com.apple.ApplicationGroups.iOS = { enabled = 0; }; com.apple.InAppPurchase = { enabled = 0; }; com.apple.InterAppAudio = { enabled = 0; }; com.apple.Push = { enabled = 0; }; com.apple.Sandbox = { enabled = 0; }; com.apple.HardenedRuntime = { enabled = 0; }; }; };6B0E9033F9E2FD458C0D6424 = { SystemCapabilities = {com.apple.ApplicationGroups.iOS = { enabled = 0; }; com.apple.InAppPurchase = { enabled = 0; }; com.apple.InterAppAudio = { enabled = 0; }; com.apple.Push = { enabled = 0; }; com.apple.Sandbox = { enabled = 0; }; com.apple.HardenedRuntime = { enabled = 0; }; }; }; }; };
			compatibilityVersion = "Xcode 3.2";
			hasScannedForEncodings = 0;
			mainGroup = A402FFF2163AECC0BA3B4709;
			projectDirPath = "";
			projectRoot = "";
			targets = (4E976D3EF20E584EB8C9DE54, 99572D805BCCC058F2DAEBE7, 808F810053259CBE2F59D033, 0171059B2FD81A1713D289EF, 6B0E9033F9E2FD458C0D6424);
			knownRegions = (en, Base);
		};
	};
	rootObject = 8FE633DDAE852C51B66874C8;
}
